// !$*UTF8*$!
{
	archiveVersion = 1;
	classes = {
	};
	objectVersion = 56;
	objects = {

/* Begin PBXBuildFile section */
		EF1775D42C6EABCC00EEAEF7 /* LogInView.swift in Sources */ = {isa = PBXBuildFile; fileRef = EF1775D32C6EABCC00EEAEF7 /* LogInView.swift */; };
		EF1C60BA2C6A6FD1000F29E2 /* BoulderBroApp.swift in Sources */ = {isa = PBXBuildFile; fileRef = EF1C60B92C6A6FD1000F29E2 /* BoulderBroApp.swift */; };
		EF1C60BC2C6A6FD1000F29E2 /* ContentView.swift in Sources */ = {isa = PBXBuildFile; fileRef = EF1C60BB2C6A6FD1000F29E2 /* ContentView.swift */; };
		EF1C60BE2C6A6FD2000F29E2 /* Assets.xcassets in Resources */ = {isa = PBXBuildFile; fileRef = EF1C60BD2C6A6FD2000F29E2 /* Assets.xcassets */; };
		EF1C60C12C6A6FD2000F29E2 /* Preview Assets.xcassets in Resources */ = {isa = PBXBuildFile; fileRef = EF1C60C02C6A6FD2000F29E2 /* Preview Assets.xcassets */; };
		EF1C60CB2C6A6FD2000F29E2 /* BoulderBroTests.swift in Sources */ = {isa = PBXBuildFile; fileRef = EF1C60CA2C6A6FD2000F29E2 /* BoulderBroTests.swift */; };
		EF1C60D52C6A6FD2000F29E2 /* BoulderBroUITests.swift in Sources */ = {isa = PBXBuildFile; fileRef = EF1C60D42C6A6FD2000F29E2 /* BoulderBroUITests.swift */; };
		EF1C60D72C6A6FD2000F29E2 /* BoulderBroUITestsLaunchTests.swift in Sources */ = {isa = PBXBuildFile; fileRef = EF1C60D62C6A6FD2000F29E2 /* BoulderBroUITestsLaunchTests.swift */; };
		EF1C60E42C6A7005000F29E2 /* Splash Screen.swift in Sources */ = {isa = PBXBuildFile; fileRef = EF1C60E32C6A7005000F29E2 /* Splash Screen.swift */; };
		EF1C61262C6A9076000F29E2 /* GoogleService-Info.plist in Resources */ = {isa = PBXBuildFile; fileRef = EF1C61252C6A9076000F29E2 /* GoogleService-Info.plist */; };
		EF1C612F2C6B4C74000F29E2 /* HealthKit.framework in Frameworks */ = {isa = PBXBuildFile; fileRef = EF1C612D2C6B4C73000F29E2 /* HealthKit.framework */; };
		EF1C61302C6B4C74000F29E2 /* HealthKitUI.framework in Frameworks */ = {isa = PBXBuildFile; fileRef = EF1C612E2C6B4C74000F29E2 /* HealthKitUI.framework */; };
		EF3115292C74D0CD0078A8C0 /* MyClimbsView.swift in Sources */ = {isa = PBXBuildFile; fileRef = EF3115282C74D0CD0078A8C0 /* MyClimbsView.swift */; };
		EF31152B2C74D6240078A8C0 /* CurrentLevel.swift in Sources */ = {isa = PBXBuildFile; fileRef = EF31152A2C74D6240078A8C0 /* CurrentLevel.swift */; };
		EF31152D2C74DD9C0078A8C0 /* PersonalClimb.swift in Sources */ = {isa = PBXBuildFile; fileRef = EF31152C2C74DD9C0078A8C0 /* PersonalClimb.swift */; };
		EF359BA42C7906B60067329B /* CaloriesChart.swift in Sources */ = {isa = PBXBuildFile; fileRef = EF359BA32C7906B60067329B /* CaloriesChart.swift */; };
		EF359BAC2C79E7A90067329B /* MembershipCardView.swift in Sources */ = {isa = PBXBuildFile; fileRef = EF359BAB2C79E7A90067329B /* MembershipCardView.swift */; };
		EF6476112C7E33C200C8C9BA /* AllClimbs.swift in Sources */ = {isa = PBXBuildFile; fileRef = EF6476102C7E33C200C8C9BA /* AllClimbs.swift */; };
		EF6476132C7F5B8E00C8C9BA /* WeeklyClimbingDuration.swift in Sources */ = {isa = PBXBuildFile; fileRef = EF6476122C7F5B8E00C8C9BA /* WeeklyClimbingDuration.swift */; };
		EF6476152C7F654F00C8C9BA /* LogClimbView.swift in Sources */ = {isa = PBXBuildFile; fileRef = EF6476142C7F654F00C8C9BA /* LogClimbView.swift */; };
		EF6476172C80C3CD00C8C9BA /* HeartRateActivityCard.swift in Sources */ = {isa = PBXBuildFile; fileRef = EF6476162C80C3CD00C8C9BA /* HeartRateActivityCard.swift */; };
		EF6476192C80C54800C8C9BA /* HighestHeartRateActivityCard.swift in Sources */ = {isa = PBXBuildFile; fileRef = EF6476182C80C54800C8C9BA /* HighestHeartRateActivityCard.swift */; };
		EF64761B2C80C79E00C8C9BA /* RecoveryTimeActivityCard.swift in Sources */ = {isa = PBXBuildFile; fileRef = EF64761A2C80C79E00C8C9BA /* RecoveryTimeActivityCard.swift */; };
		EF64761D2C80CE4E00C8C9BA /* HRVActivityCard.swift in Sources */ = {isa = PBXBuildFile; fileRef = EF64761C2C80CE4E00C8C9BA /* HRVActivityCard.swift */; };
		EF64761F2C81258200C8C9BA /* Settings View.swift in Sources */ = {isa = PBXBuildFile; fileRef = EF64761E2C81258200C8C9BA /* Settings View.swift */; };
		EF6476212C81291400C8C9BA /* GeneralSettingsView.swift in Sources */ = {isa = PBXBuildFile; fileRef = EF6476202C81291400C8C9BA /* GeneralSettingsView.swift */; };
		EF6476232C81293300C8C9BA /* ApperanceSettingView.swift in Sources */ = {isa = PBXBuildFile; fileRef = EF6476222C81293300C8C9BA /* ApperanceSettingView.swift */; };
		EF6476252C81E76000C8C9BA /* HangTimerLeaderBoard.swift in Sources */ = {isa = PBXBuildFile; fileRef = EF6476242C81E76000C8C9BA /* HangTimerLeaderBoard.swift */; };
		EFA16F432C6D759A00D7301E /* FirebaseAnalytics in Frameworks */ = {isa = PBXBuildFile; productRef = EFA16F422C6D759A00D7301E /* FirebaseAnalytics */; };
		EFA16F452C6D759A00D7301E /* FirebaseAnalyticsOnDeviceConversion in Frameworks */ = {isa = PBXBuildFile; productRef = EFA16F442C6D759A00D7301E /* FirebaseAnalyticsOnDeviceConversion */; };
		EFA16F472C6D759A00D7301E /* FirebaseAnalyticsWithoutAdIdSupport in Frameworks */ = {isa = PBXBuildFile; productRef = EFA16F462C6D759A00D7301E /* FirebaseAnalyticsWithoutAdIdSupport */; };
		EFA16F492C6D759A00D7301E /* FirebaseAppCheck in Frameworks */ = {isa = PBXBuildFile; productRef = EFA16F482C6D759A00D7301E /* FirebaseAppCheck */; };
		EFA16F4B2C6D759A00D7301E /* FirebaseAppDistribution-Beta in Frameworks */ = {isa = PBXBuildFile; productRef = EFA16F4A2C6D759A00D7301E /* FirebaseAppDistribution-Beta */; };
		EFA16F4D2C6D759A00D7301E /* FirebaseAuth in Frameworks */ = {isa = PBXBuildFile; productRef = EFA16F4C2C6D759A00D7301E /* FirebaseAuth */; };
		EFA16F4F2C6D759A00D7301E /* FirebaseAuthCombine-Community in Frameworks */ = {isa = PBXBuildFile; productRef = EFA16F4E2C6D759A00D7301E /* FirebaseAuthCombine-Community */; };
		EFA16F512C6D759A00D7301E /* FirebaseCrashlytics in Frameworks */ = {isa = PBXBuildFile; productRef = EFA16F502C6D759A00D7301E /* FirebaseCrashlytics */; };
		EFA16F532C6D759A00D7301E /* FirebaseDatabase in Frameworks */ = {isa = PBXBuildFile; productRef = EFA16F522C6D759A00D7301E /* FirebaseDatabase */; };
		EFA16F552C6D759A00D7301E /* FirebaseDynamicLinks in Frameworks */ = {isa = PBXBuildFile; productRef = EFA16F542C6D759A00D7301E /* FirebaseDynamicLinks */; };
		EFA16F572C6D759A00D7301E /* FirebaseFirestore in Frameworks */ = {isa = PBXBuildFile; productRef = EFA16F562C6D759A00D7301E /* FirebaseFirestore */; };
		EFA16F592C6D759A00D7301E /* FirebaseFirestoreCombine-Community in Frameworks */ = {isa = PBXBuildFile; productRef = EFA16F582C6D759A00D7301E /* FirebaseFirestoreCombine-Community */; };
		EFA16F5B2C6D759A00D7301E /* FirebaseFunctions in Frameworks */ = {isa = PBXBuildFile; productRef = EFA16F5A2C6D759A00D7301E /* FirebaseFunctions */; };
		EFA16F5D2C6D759A00D7301E /* FirebaseFunctionsCombine-Community in Frameworks */ = {isa = PBXBuildFile; productRef = EFA16F5C2C6D759A00D7301E /* FirebaseFunctionsCombine-Community */; };
		EFA16F5F2C6D759A00D7301E /* FirebaseInAppMessaging-Beta in Frameworks */ = {isa = PBXBuildFile; productRef = EFA16F5E2C6D759A00D7301E /* FirebaseInAppMessaging-Beta */; };
		EFA16F612C6D759A00D7301E /* FirebaseInstallations in Frameworks */ = {isa = PBXBuildFile; productRef = EFA16F602C6D759A00D7301E /* FirebaseInstallations */; };
		EFA16F632C6D759A00D7301E /* FirebaseMessaging in Frameworks */ = {isa = PBXBuildFile; productRef = EFA16F622C6D759A00D7301E /* FirebaseMessaging */; };
		EFA16F652C6D759A00D7301E /* FirebaseMLModelDownloader in Frameworks */ = {isa = PBXBuildFile; productRef = EFA16F642C6D759A00D7301E /* FirebaseMLModelDownloader */; };
		EFA16F672C6D759A00D7301E /* FirebasePerformance in Frameworks */ = {isa = PBXBuildFile; productRef = EFA16F662C6D759A00D7301E /* FirebasePerformance */; };
		EFA16F692C6D759A00D7301E /* FirebaseRemoteConfig in Frameworks */ = {isa = PBXBuildFile; productRef = EFA16F682C6D759A00D7301E /* FirebaseRemoteConfig */; };
		EFA16F6B2C6D759A00D7301E /* FirebaseStorage in Frameworks */ = {isa = PBXBuildFile; productRef = EFA16F6A2C6D759A00D7301E /* FirebaseStorage */; };
		EFA16F6D2C6D759A00D7301E /* FirebaseStorageCombine-Community in Frameworks */ = {isa = PBXBuildFile; productRef = EFA16F6C2C6D759A00D7301E /* FirebaseStorageCombine-Community */; };
		EFA16F6F2C6D759A00D7301E /* FirebaseVertexAI-Preview in Frameworks */ = {isa = PBXBuildFile; productRef = EFA16F6E2C6D759A00D7301E /* FirebaseVertexAI-Preview */; };
		EFA7D8332C74E87C006E764E /* Climb.swift in Sources */ = {isa = PBXBuildFile; fileRef = EFA7D8322C74E87C006E764E /* Climb.swift */; };
		EFA7D8372C74EABC006E764E /* MyClimbsViewController.swift in Sources */ = {isa = PBXBuildFile; fileRef = EFA7D8362C74EABC006E764E /* MyClimbsViewController.swift */; };
		EFA7D8392C74ECE1006E764E /* ImagePicker.swift in Sources */ = {isa = PBXBuildFile; fileRef = EFA7D8382C74ECE1006E764E /* ImagePicker.swift */; };
		EFA7D83B2C753592006E764E /* TheClimb.swift in Sources */ = {isa = PBXBuildFile; fileRef = EFA7D83A2C753592006E764E /* TheClimb.swift */; };
		EFBA26CE2C6EAD2700CD85F6 /* InputView.swift in Sources */ = {isa = PBXBuildFile; fileRef = EFBA26CD2C6EAD2700CD85F6 /* InputView.swift */; };
		EFBA26D02C6EBA0000CD85F6 /* RegisterView.swift in Sources */ = {isa = PBXBuildFile; fileRef = EFBA26CF2C6EBA0000CD85F6 /* RegisterView.swift */; };
		EFBA26D22C6EBC6700CD85F6 /* ProfileView.swift in Sources */ = {isa = PBXBuildFile; fileRef = EFBA26D12C6EBC6700CD85F6 /* ProfileView.swift */; };
		EFBA26D42C6EBDE600CD85F6 /* SettingsRowView.swift in Sources */ = {isa = PBXBuildFile; fileRef = EFBA26D32C6EBDE600CD85F6 /* SettingsRowView.swift */; };
		EFBA26D62C6EC13100CD85F6 /* User.swift in Sources */ = {isa = PBXBuildFile; fileRef = EFBA26D52C6EC13100CD85F6 /* User.swift */; };
		EFBA26D82C6F70F200CD85F6 /* AuthViewModel.swift in Sources */ = {isa = PBXBuildFile; fileRef = EFBA26D72C6F70F200CD85F6 /* AuthViewModel.swift */; };
		EFBA26E12C7097A200CD85F6 /* FitnessHome.swift in Sources */ = {isa = PBXBuildFile; fileRef = EFBA26E02C7097A200CD85F6 /* FitnessHome.swift */; };
		EFBA26E52C70A09200CD85F6 /* ProgressCircleView.swift in Sources */ = {isa = PBXBuildFile; fileRef = EFBA26E42C70A09200CD85F6 /* ProgressCircleView.swift */; };
		EFBA26E72C70B6D400CD85F6 /* ActivityCard.swift in Sources */ = {isa = PBXBuildFile; fileRef = EFBA26E62C70B6D400CD85F6 /* ActivityCard.swift */; };
		EFBA26E92C70D6FC00CD85F6 /* WorkoutCard.swift in Sources */ = {isa = PBXBuildFile; fileRef = EFBA26E82C70D6FC00CD85F6 /* WorkoutCard.swift */; };
		EFBA26EB2C70E02A00CD85F6 /* FitnessHomeViewModel.swift in Sources */ = {isa = PBXBuildFile; fileRef = EFBA26EA2C70E02A00CD85F6 /* FitnessHomeViewModel.swift */; };
		EFBA26F02C70E0F900CD85F6 /* Activity.swift in Sources */ = {isa = PBXBuildFile; fileRef = EFBA26EF2C70E0F900CD85F6 /* Activity.swift */; };
		EFBA26F22C70E12F00CD85F6 /* Workout.swift in Sources */ = {isa = PBXBuildFile; fileRef = EFBA26F12C70E12F00CD85F6 /* Workout.swift */; };
		EFBA26F42C72279300CD85F6 /* HealthManager.swift in Sources */ = {isa = PBXBuildFile; fileRef = EFBA26F32C72279300CD85F6 /* HealthManager.swift */; };
		EFBA26F92C72785000CD85F6 /* HKWorkoutTypeActivityType+Ext.swift in Sources */ = {isa = PBXBuildFile; fileRef = EFBA26F82C72785000CD85F6 /* HKWorkoutTypeActivityType+Ext.swift */; };
		EFBA26FB2C72A02B00CD85F6 /* HangTimer.swift in Sources */ = {isa = PBXBuildFile; fileRef = EFBA26FA2C72A02B00CD85F6 /* HangTimer.swift */; };
		EFC7CFDC2C6E2F1E002D5F78 /* Home.swift in Sources */ = {isa = PBXBuildFile; fileRef = EFC7CFDB2C6E2F1E002D5F78 /* Home.swift */; };
		EFC7CFE32C6E657A002D5F78 /* Kurdis-ExtraWideBold.otf in Resources */ = {isa = PBXBuildFile; fileRef = EFC7CFE22C6E657A002D5F78 /* Kurdis-ExtraWideBold.otf */; };
		EFC7CFE42C6E657A002D5F78 /* Kurdis-ExtraWideBold.otf in Resources */ = {isa = PBXBuildFile; fileRef = EFC7CFE22C6E657A002D5F78 /* Kurdis-ExtraWideBold.otf */; };
		EFC7CFE52C6E657A002D5F78 /* Kurdis-ExtraWideBold.otf in Resources */ = {isa = PBXBuildFile; fileRef = EFC7CFE22C6E657A002D5F78 /* Kurdis-ExtraWideBold.otf */; };
		EFC7CFE72C6E663F002D5F78 /* Kurdis-ExtraWideBlack.otf in Resources */ = {isa = PBXBuildFile; fileRef = EFC7CFE62C6E663F002D5F78 /* Kurdis-ExtraWideBlack.otf */; };
		EFC7CFE82C6E663F002D5F78 /* Kurdis-ExtraWideBlack.otf in Resources */ = {isa = PBXBuildFile; fileRef = EFC7CFE62C6E663F002D5F78 /* Kurdis-ExtraWideBlack.otf */; };
		EFC7CFE92C6E663F002D5F78 /* Kurdis-ExtraWideBlack.otf in Resources */ = {isa = PBXBuildFile; fileRef = EFC7CFE62C6E663F002D5F78 /* Kurdis-ExtraWideBlack.otf */; };
		EFC7CFEB2C6E6775002D5F78 /* Kurdis-Regular.otf in Resources */ = {isa = PBXBuildFile; fileRef = EFC7CFEA2C6E6775002D5F78 /* Kurdis-Regular.otf */; };
		EFC7CFEC2C6E6775002D5F78 /* Kurdis-Regular.otf in Resources */ = {isa = PBXBuildFile; fileRef = EFC7CFEA2C6E6775002D5F78 /* Kurdis-Regular.otf */; };
		EFC7CFED2C6E6775002D5F78 /* Kurdis-Regular.otf in Resources */ = {isa = PBXBuildFile; fileRef = EFC7CFEA2C6E6775002D5F78 /* Kurdis-Regular.otf */; };
		EFC7D01C2C6EA6EC002D5F78 /* GoogleSignIn in Frameworks */ = {isa = PBXBuildFile; productRef = EFC7D01B2C6EA6EC002D5F78 /* GoogleSignIn */; };
		EFC7D01E2C6EA6EC002D5F78 /* GoogleSignInSwift in Frameworks */ = {isa = PBXBuildFile; productRef = EFC7D01D2C6EA6EC002D5F78 /* GoogleSignInSwift */; };
		EFD994122C7A01CB00B316BC /* Mantis in Frameworks */ = {isa = PBXBuildFile; productRef = EFD994112C7A01CB00B316BC /* Mantis */; };
		EFD994142C7A153900B316BC /* Circles.swift in Sources */ = {isa = PBXBuildFile; fileRef = EFD994132C7A153900B316BC /* Circles.swift */; };
		EFD9941A2C7B357A00B316BC /* DeepInsightsView.swift in Sources */ = {isa = PBXBuildFile; fileRef = EFD994192C7B357A00B316BC /* DeepInsightsView.swift */; };
		EFD9941C2C7B3E8A00B316BC /* SessionDurationChart.swift in Sources */ = {isa = PBXBuildFile; fileRef = EFD9941B2C7B3E8A00B316BC /* SessionDurationChart.swift */; };
		EFD9941E2C7B73A800B316BC /* HeartRateChart.swift in Sources */ = {isa = PBXBuildFile; fileRef = EFD9941D2C7B73A800B316BC /* HeartRateChart.swift */; };
		EFD994202C7B747000B316BC /* IdentifiableHeartRateSample.swift in Sources */ = {isa = PBXBuildFile; fileRef = EFD9941F2C7B747000B316BC /* IdentifiableHeartRateSample.swift */; };
		EFD994232C7B7F7900B316BC /* ColorThemeManager.swift in Sources */ = {isa = PBXBuildFile; fileRef = EFD994222C7B7F7900B316BC /* ColorThemeManager.swift */; };
		EFD994252C7B7FC900B316BC /* ThemeColorPickerView.swift in Sources */ = {isa = PBXBuildFile; fileRef = EFD994242C7B7FC900B316BC /* ThemeColorPickerView.swift */; };
		EFD994312C7BD99400B316BC /* videosView.swift in Sources */ = {isa = PBXBuildFile; fileRef = EFD994302C7BD99400B316BC /* videosView.swift */; };
		EFD994332C7BDA7700B316BC /* Chat.swift in Sources */ = {isa = PBXBuildFile; fileRef = EFD994322C7BDA7700B316BC /* Chat.swift */; };
		EFD994362C7BDCAC00B316BC /* CometChatUIKitSwift in Frameworks */ = {isa = PBXBuildFile; productRef = EFD994352C7BDCAC00B316BC /* CometChatUIKitSwift */; };
		EFF137CE2C7CDAE1003B666C /* WorkoutManager.swift in Sources */ = {isa = PBXBuildFile; fileRef = EFF137CD2C7CDAE1003B666C /* WorkoutManager.swift */; };
/* End PBXBuildFile section */

/* Begin PBXContainerItemProxy section */
		EF1C60C72C6A6FD2000F29E2 /* PBXContainerItemProxy */ = {
			isa = PBXContainerItemProxy;
			containerPortal = EF1C60AE2C6A6FD1000F29E2 /* Project object */;
			proxyType = 1;
			remoteGlobalIDString = EF1C60B52C6A6FD1000F29E2;
			remoteInfo = BoulderBro;
		};
		EF1C60D12C6A6FD2000F29E2 /* PBXContainerItemProxy */ = {
			isa = PBXContainerItemProxy;
			containerPortal = EF1C60AE2C6A6FD1000F29E2 /* Project object */;
			proxyType = 1;
			remoteGlobalIDString = EF1C60B52C6A6FD1000F29E2;
			remoteInfo = BoulderBro;
		};
/* End PBXContainerItemProxy section */

/* Begin PBXFileReference section */
		EF1775D32C6EABCC00EEAEF7 /* LogInView.swift */ = {isa = PBXFileReference; lastKnownFileType = sourcecode.swift; path = LogInView.swift; sourceTree = "<group>"; };
		EF1C60B62C6A6FD1000F29E2 /* BoulderBro.app */ = {isa = PBXFileReference; explicitFileType = wrapper.application; includeInIndex = 0; path = BoulderBro.app; sourceTree = BUILT_PRODUCTS_DIR; };
		EF1C60B92C6A6FD1000F29E2 /* BoulderBroApp.swift */ = {isa = PBXFileReference; lastKnownFileType = sourcecode.swift; path = BoulderBroApp.swift; sourceTree = "<group>"; };
		EF1C60BB2C6A6FD1000F29E2 /* ContentView.swift */ = {isa = PBXFileReference; lastKnownFileType = sourcecode.swift; path = ContentView.swift; sourceTree = "<group>"; };
		EF1C60BD2C6A6FD2000F29E2 /* Assets.xcassets */ = {isa = PBXFileReference; lastKnownFileType = folder.assetcatalog; path = Assets.xcassets; sourceTree = "<group>"; };
		EF1C60C02C6A6FD2000F29E2 /* Preview Assets.xcassets */ = {isa = PBXFileReference; lastKnownFileType = folder.assetcatalog; path = "Preview Assets.xcassets"; sourceTree = "<group>"; };
		EF1C60C62C6A6FD2000F29E2 /* BoulderBroTests.xctest */ = {isa = PBXFileReference; explicitFileType = wrapper.cfbundle; includeInIndex = 0; path = BoulderBroTests.xctest; sourceTree = BUILT_PRODUCTS_DIR; };
		EF1C60CA2C6A6FD2000F29E2 /* BoulderBroTests.swift */ = {isa = PBXFileReference; lastKnownFileType = sourcecode.swift; path = BoulderBroTests.swift; sourceTree = "<group>"; };
		EF1C60D02C6A6FD2000F29E2 /* BoulderBroUITests.xctest */ = {isa = PBXFileReference; explicitFileType = wrapper.cfbundle; includeInIndex = 0; path = BoulderBroUITests.xctest; sourceTree = BUILT_PRODUCTS_DIR; };
		EF1C60D42C6A6FD2000F29E2 /* BoulderBroUITests.swift */ = {isa = PBXFileReference; lastKnownFileType = sourcecode.swift; path = BoulderBroUITests.swift; sourceTree = "<group>"; };
		EF1C60D62C6A6FD2000F29E2 /* BoulderBroUITestsLaunchTests.swift */ = {isa = PBXFileReference; lastKnownFileType = sourcecode.swift; path = BoulderBroUITestsLaunchTests.swift; sourceTree = "<group>"; };
		EF1C60E32C6A7005000F29E2 /* Splash Screen.swift */ = {isa = PBXFileReference; lastKnownFileType = sourcecode.swift; path = "Splash Screen.swift"; sourceTree = "<group>"; };
		EF1C61252C6A9076000F29E2 /* GoogleService-Info.plist */ = {isa = PBXFileReference; fileEncoding = 4; lastKnownFileType = text.plist.xml; path = "GoogleService-Info.plist"; sourceTree = "<group>"; };
		EF1C612D2C6B4C73000F29E2 /* HealthKit.framework */ = {isa = PBXFileReference; lastKnownFileType = wrapper.framework; name = HealthKit.framework; path = System/Library/Frameworks/HealthKit.framework; sourceTree = SDKROOT; };
		EF1C612E2C6B4C74000F29E2 /* HealthKitUI.framework */ = {isa = PBXFileReference; lastKnownFileType = wrapper.framework; name = HealthKitUI.framework; path = System/Library/Frameworks/HealthKitUI.framework; sourceTree = SDKROOT; };
		EF1C61312C6B539E000F29E2 /* Info.plist */ = {isa = PBXFileReference; lastKnownFileType = text.plist.xml; path = Info.plist; sourceTree = "<group>"; };
		EF3115282C74D0CD0078A8C0 /* MyClimbsView.swift */ = {isa = PBXFileReference; lastKnownFileType = sourcecode.swift; path = MyClimbsView.swift; sourceTree = "<group>"; };
		EF31152A2C74D6240078A8C0 /* CurrentLevel.swift */ = {isa = PBXFileReference; lastKnownFileType = sourcecode.swift; path = CurrentLevel.swift; sourceTree = "<group>"; };
		EF31152C2C74DD9C0078A8C0 /* PersonalClimb.swift */ = {isa = PBXFileReference; lastKnownFileType = sourcecode.swift; path = PersonalClimb.swift; sourceTree = "<group>"; };
		EF359BA32C7906B60067329B /* CaloriesChart.swift */ = {isa = PBXFileReference; lastKnownFileType = sourcecode.swift; path = CaloriesChart.swift; sourceTree = "<group>"; };
		EF359BAB2C79E7A90067329B /* MembershipCardView.swift */ = {isa = PBXFileReference; lastKnownFileType = sourcecode.swift; path = MembershipCardView.swift; sourceTree = "<group>"; };
		EF6476102C7E33C200C8C9BA /* AllClimbs.swift */ = {isa = PBXFileReference; lastKnownFileType = sourcecode.swift; path = AllClimbs.swift; sourceTree = "<group>"; };
		EF6476122C7F5B8E00C8C9BA /* WeeklyClimbingDuration.swift */ = {isa = PBXFileReference; lastKnownFileType = sourcecode.swift; path = WeeklyClimbingDuration.swift; sourceTree = "<group>"; };
		EF6476142C7F654F00C8C9BA /* LogClimbView.swift */ = {isa = PBXFileReference; lastKnownFileType = sourcecode.swift; path = LogClimbView.swift; sourceTree = "<group>"; };
		EF6476162C80C3CD00C8C9BA /* HeartRateActivityCard.swift */ = {isa = PBXFileReference; lastKnownFileType = sourcecode.swift; path = HeartRateActivityCard.swift; sourceTree = "<group>"; };
		EF6476182C80C54800C8C9BA /* HighestHeartRateActivityCard.swift */ = {isa = PBXFileReference; lastKnownFileType = sourcecode.swift; path = HighestHeartRateActivityCard.swift; sourceTree = "<group>"; };
		EF64761A2C80C79E00C8C9BA /* RecoveryTimeActivityCard.swift */ = {isa = PBXFileReference; lastKnownFileType = sourcecode.swift; path = RecoveryTimeActivityCard.swift; sourceTree = "<group>"; };
		EF64761C2C80CE4E00C8C9BA /* HRVActivityCard.swift */ = {isa = PBXFileReference; lastKnownFileType = sourcecode.swift; path = HRVActivityCard.swift; sourceTree = "<group>"; };
		EF64761E2C81258200C8C9BA /* Settings View.swift */ = {isa = PBXFileReference; lastKnownFileType = sourcecode.swift; path = "Settings View.swift"; sourceTree = "<group>"; };
		EF6476202C81291400C8C9BA /* GeneralSettingsView.swift */ = {isa = PBXFileReference; lastKnownFileType = sourcecode.swift; path = GeneralSettingsView.swift; sourceTree = "<group>"; };
		EF6476222C81293300C8C9BA /* ApperanceSettingView.swift */ = {isa = PBXFileReference; lastKnownFileType = sourcecode.swift; path = ApperanceSettingView.swift; sourceTree = "<group>"; };
		EF6476242C81E76000C8C9BA /* HangTimerLeaderBoard.swift */ = {isa = PBXFileReference; lastKnownFileType = sourcecode.swift; path = HangTimerLeaderBoard.swift; sourceTree = "<group>"; };
		EFA7D8322C74E87C006E764E /* Climb.swift */ = {isa = PBXFileReference; lastKnownFileType = sourcecode.swift; path = Climb.swift; sourceTree = "<group>"; };
		EFA7D8362C74EABC006E764E /* MyClimbsViewController.swift */ = {isa = PBXFileReference; lastKnownFileType = sourcecode.swift; path = MyClimbsViewController.swift; sourceTree = "<group>"; };
		EFA7D8382C74ECE1006E764E /* ImagePicker.swift */ = {isa = PBXFileReference; lastKnownFileType = sourcecode.swift; path = ImagePicker.swift; sourceTree = "<group>"; };
		EFA7D83A2C753592006E764E /* TheClimb.swift */ = {isa = PBXFileReference; lastKnownFileType = sourcecode.swift; path = TheClimb.swift; sourceTree = "<group>"; };
		EFBA26CD2C6EAD2700CD85F6 /* InputView.swift */ = {isa = PBXFileReference; lastKnownFileType = sourcecode.swift; path = InputView.swift; sourceTree = "<group>"; };
		EFBA26CF2C6EBA0000CD85F6 /* RegisterView.swift */ = {isa = PBXFileReference; lastKnownFileType = sourcecode.swift; path = RegisterView.swift; sourceTree = "<group>"; };
		EFBA26D12C6EBC6700CD85F6 /* ProfileView.swift */ = {isa = PBXFileReference; lastKnownFileType = sourcecode.swift; path = ProfileView.swift; sourceTree = "<group>"; };
		EFBA26D32C6EBDE600CD85F6 /* SettingsRowView.swift */ = {isa = PBXFileReference; lastKnownFileType = sourcecode.swift; path = SettingsRowView.swift; sourceTree = "<group>"; };
		EFBA26D52C6EC13100CD85F6 /* User.swift */ = {isa = PBXFileReference; lastKnownFileType = sourcecode.swift; path = User.swift; sourceTree = "<group>"; };
		EFBA26D72C6F70F200CD85F6 /* AuthViewModel.swift */ = {isa = PBXFileReference; lastKnownFileType = sourcecode.swift; path = AuthViewModel.swift; sourceTree = "<group>"; };
		EFBA26E02C7097A200CD85F6 /* FitnessHome.swift */ = {isa = PBXFileReference; lastKnownFileType = sourcecode.swift; path = FitnessHome.swift; sourceTree = "<group>"; };
		EFBA26E42C70A09200CD85F6 /* ProgressCircleView.swift */ = {isa = PBXFileReference; lastKnownFileType = sourcecode.swift; path = ProgressCircleView.swift; sourceTree = "<group>"; };
		EFBA26E62C70B6D400CD85F6 /* ActivityCard.swift */ = {isa = PBXFileReference; lastKnownFileType = sourcecode.swift; path = ActivityCard.swift; sourceTree = "<group>"; };
		EFBA26E82C70D6FC00CD85F6 /* WorkoutCard.swift */ = {isa = PBXFileReference; lastKnownFileType = sourcecode.swift; path = WorkoutCard.swift; sourceTree = "<group>"; };
		EFBA26EA2C70E02A00CD85F6 /* FitnessHomeViewModel.swift */ = {isa = PBXFileReference; lastKnownFileType = sourcecode.swift; path = FitnessHomeViewModel.swift; sourceTree = "<group>"; };
		EFBA26EF2C70E0F900CD85F6 /* Activity.swift */ = {isa = PBXFileReference; lastKnownFileType = sourcecode.swift; path = Activity.swift; sourceTree = "<group>"; };
		EFBA26F12C70E12F00CD85F6 /* Workout.swift */ = {isa = PBXFileReference; lastKnownFileType = sourcecode.swift; path = Workout.swift; sourceTree = "<group>"; };
		EFBA26F32C72279300CD85F6 /* HealthManager.swift */ = {isa = PBXFileReference; lastKnownFileType = sourcecode.swift; path = HealthManager.swift; sourceTree = "<group>"; };
		EFBA26F62C72562100CD85F6 /* BoulderBro.entitlements */ = {isa = PBXFileReference; lastKnownFileType = text.plist.entitlements; path = BoulderBro.entitlements; sourceTree = "<group>"; };
		EFBA26F82C72785000CD85F6 /* HKWorkoutTypeActivityType+Ext.swift */ = {isa = PBXFileReference; lastKnownFileType = sourcecode.swift; path = "HKWorkoutTypeActivityType+Ext.swift"; sourceTree = "<group>"; };
		EFBA26FA2C72A02B00CD85F6 /* HangTimer.swift */ = {isa = PBXFileReference; lastKnownFileType = sourcecode.swift; path = HangTimer.swift; sourceTree = "<group>"; };
		EFC7CFDB2C6E2F1E002D5F78 /* Home.swift */ = {isa = PBXFileReference; lastKnownFileType = sourcecode.swift; path = Home.swift; sourceTree = "<group>"; };
		EFC7CFE22C6E657A002D5F78 /* Kurdis-ExtraWideBold.otf */ = {isa = PBXFileReference; lastKnownFileType = file; path = "Kurdis-ExtraWideBold.otf"; sourceTree = "<group>"; };
		EFC7CFE62C6E663F002D5F78 /* Kurdis-ExtraWideBlack.otf */ = {isa = PBXFileReference; lastKnownFileType = file; path = "Kurdis-ExtraWideBlack.otf"; sourceTree = "<group>"; };
		EFC7CFEA2C6E6775002D5F78 /* Kurdis-Regular.otf */ = {isa = PBXFileReference; lastKnownFileType = file; path = "Kurdis-Regular.otf"; sourceTree = "<group>"; };
		EFD994132C7A153900B316BC /* Circles.swift */ = {isa = PBXFileReference; lastKnownFileType = sourcecode.swift; path = Circles.swift; sourceTree = "<group>"; };
		EFD994192C7B357A00B316BC /* DeepInsightsView.swift */ = {isa = PBXFileReference; lastKnownFileType = sourcecode.swift; path = DeepInsightsView.swift; sourceTree = "<group>"; };
		EFD9941B2C7B3E8A00B316BC /* SessionDurationChart.swift */ = {isa = PBXFileReference; lastKnownFileType = sourcecode.swift; path = SessionDurationChart.swift; sourceTree = "<group>"; };
		EFD9941D2C7B73A800B316BC /* HeartRateChart.swift */ = {isa = PBXFileReference; lastKnownFileType = sourcecode.swift; path = HeartRateChart.swift; sourceTree = "<group>"; };
		EFD9941F2C7B747000B316BC /* IdentifiableHeartRateSample.swift */ = {isa = PBXFileReference; lastKnownFileType = sourcecode.swift; path = IdentifiableHeartRateSample.swift; sourceTree = "<group>"; };
		EFD994222C7B7F7900B316BC /* ColorThemeManager.swift */ = {isa = PBXFileReference; lastKnownFileType = sourcecode.swift; path = ColorThemeManager.swift; sourceTree = "<group>"; };
		EFD994242C7B7FC900B316BC /* ThemeColorPickerView.swift */ = {isa = PBXFileReference; lastKnownFileType = sourcecode.swift; path = ThemeColorPickerView.swift; sourceTree = "<group>"; };
		EFD994302C7BD99400B316BC /* videosView.swift */ = {isa = PBXFileReference; lastKnownFileType = sourcecode.swift; path = videosView.swift; sourceTree = "<group>"; };
		EFD994322C7BDA7700B316BC /* Chat.swift */ = {isa = PBXFileReference; lastKnownFileType = sourcecode.swift; path = Chat.swift; sourceTree = "<group>"; };
		EFF137CD2C7CDAE1003B666C /* WorkoutManager.swift */ = {isa = PBXFileReference; lastKnownFileType = sourcecode.swift; path = WorkoutManager.swift; sourceTree = "<group>"; };
/* End PBXFileReference section */

/* Begin PBXFrameworksBuildPhase section */
		EF1C60B32C6A6FD1000F29E2 /* Frameworks */ = {
			isa = PBXFrameworksBuildPhase;
			buildActionMask = 2147483647;
			files = (
				EFA16F4B2C6D759A00D7301E /* FirebaseAppDistribution-Beta in Frameworks */,
				EFA16F572C6D759A00D7301E /* FirebaseFirestore in Frameworks */,
				EFA16F4F2C6D759A00D7301E /* FirebaseAuthCombine-Community in Frameworks */,
				EFC7D01C2C6EA6EC002D5F78 /* GoogleSignIn in Frameworks */,
				EFA16F612C6D759A00D7301E /* FirebaseInstallations in Frameworks */,
				EF1C61302C6B4C74000F29E2 /* HealthKitUI.framework in Frameworks */,
				EFA16F6F2C6D759A00D7301E /* FirebaseVertexAI-Preview in Frameworks */,
				EFA16F472C6D759A00D7301E /* FirebaseAnalyticsWithoutAdIdSupport in Frameworks */,
				EFA16F5F2C6D759A00D7301E /* FirebaseInAppMessaging-Beta in Frameworks */,
				EFC7D01E2C6EA6EC002D5F78 /* GoogleSignInSwift in Frameworks */,
				EFA16F652C6D759A00D7301E /* FirebaseMLModelDownloader in Frameworks */,
				EF1C612F2C6B4C74000F29E2 /* HealthKit.framework in Frameworks */,
				EFA16F632C6D759A00D7301E /* FirebaseMessaging in Frameworks */,
				EFD994362C7BDCAC00B316BC /* CometChatUIKitSwift in Frameworks */,
				EFA16F6D2C6D759A00D7301E /* FirebaseStorageCombine-Community in Frameworks */,
				EFA16F432C6D759A00D7301E /* FirebaseAnalytics in Frameworks */,
				EFA16F6B2C6D759A00D7301E /* FirebaseStorage in Frameworks */,
				EFA16F692C6D759A00D7301E /* FirebaseRemoteConfig in Frameworks */,
				EFA16F5D2C6D759A00D7301E /* FirebaseFunctionsCombine-Community in Frameworks */,
				EFA16F492C6D759A00D7301E /* FirebaseAppCheck in Frameworks */,
				EFA16F512C6D759A00D7301E /* FirebaseCrashlytics in Frameworks */,
				EFA16F672C6D759A00D7301E /* FirebasePerformance in Frameworks */,
				EFA16F532C6D759A00D7301E /* FirebaseDatabase in Frameworks */,
				EFA16F452C6D759A00D7301E /* FirebaseAnalyticsOnDeviceConversion in Frameworks */,
				EFA16F4D2C6D759A00D7301E /* FirebaseAuth in Frameworks */,
				EFA16F5B2C6D759A00D7301E /* FirebaseFunctions in Frameworks */,
				EFA16F552C6D759A00D7301E /* FirebaseDynamicLinks in Frameworks */,
				EFD994122C7A01CB00B316BC /* Mantis in Frameworks */,
				EFA16F592C6D759A00D7301E /* FirebaseFirestoreCombine-Community in Frameworks */,
			);
			runOnlyForDeploymentPostprocessing = 0;
		};
		EF1C60C32C6A6FD2000F29E2 /* Frameworks */ = {
			isa = PBXFrameworksBuildPhase;
			buildActionMask = 2147483647;
			files = (
			);
			runOnlyForDeploymentPostprocessing = 0;
		};
		EF1C60CD2C6A6FD2000F29E2 /* Frameworks */ = {
			isa = PBXFrameworksBuildPhase;
			buildActionMask = 2147483647;
			files = (
			);
			runOnlyForDeploymentPostprocessing = 0;
		};
/* End PBXFrameworksBuildPhase section */

/* Begin PBXGroup section */
		EF05A7D22C6D772F001A80D3 /* Authentication */ = {
			isa = PBXGroup;
			children = (
				EF1775D32C6EABCC00EEAEF7 /* LogInView.swift */,
				EFBA26CF2C6EBA0000CD85F6 /* RegisterView.swift */,
			);
			path = Authentication;
			sourceTree = "<group>";
		};
		EF1775CD2C6EAAF900EEAEF7 /* Components */ = {
			isa = PBXGroup;
			children = (
				EFD994212C7B7D8800B316BC /* Charts */,
				EF1775CF2C6EAB3C00EEAEF7 /* Core */,
				EFBA26E62C70B6D400CD85F6 /* ActivityCard.swift */,
				EFBA26E82C70D6FC00CD85F6 /* WorkoutCard.swift */,
				EFBA26FA2C72A02B00CD85F6 /* HangTimer.swift */,
				EF31152A2C74D6240078A8C0 /* CurrentLevel.swift */,
				EF31152C2C74DD9C0078A8C0 /* PersonalClimb.swift */,
				EFBA26E42C70A09200CD85F6 /* ProgressCircleView.swift */,
				EFD994132C7A153900B316BC /* Circles.swift */,
				EF6476162C80C3CD00C8C9BA /* HeartRateActivityCard.swift */,
				EF6476182C80C54800C8C9BA /* HighestHeartRateActivityCard.swift */,
				EF64761A2C80C79E00C8C9BA /* RecoveryTimeActivityCard.swift */,
				EF64761C2C80CE4E00C8C9BA /* HRVActivityCard.swift */,
			);
			path = Components;
			sourceTree = "<group>";
		};
		EF1775CE2C6EAB2100EEAEF7 /* ViewModels */ = {
			isa = PBXGroup;
			children = (
				EFBA26D72C6F70F200CD85F6 /* AuthViewModel.swift */,
				EFBA26EA2C70E02A00CD85F6 /* FitnessHomeViewModel.swift */,
				EFBA26EF2C70E0F900CD85F6 /* Activity.swift */,
				EFA7D8322C74E87C006E764E /* Climb.swift */,
				EFD9941F2C7B747000B316BC /* IdentifiableHeartRateSample.swift */,
				EFBA26F12C70E12F00CD85F6 /* Workout.swift */,
				EFA7D83A2C753592006E764E /* TheClimb.swift */,
				EFA7D8362C74EABC006E764E /* MyClimbsViewController.swift */,
				EF6476142C7F654F00C8C9BA /* LogClimbView.swift */,
			);
			path = ViewModels;
			sourceTree = "<group>";
		};
		EF1775CF2C6EAB3C00EEAEF7 /* Core */ = {
			isa = PBXGroup;
			children = (
				EFBA26CD2C6EAD2700CD85F6 /* InputView.swift */,
				EFBA26D32C6EBDE600CD85F6 /* SettingsRowView.swift */,
				EFA7D8382C74ECE1006E764E /* ImagePicker.swift */,
			);
			path = Core;
			sourceTree = "<group>";
		};
		EF1775D02C6EAB6E00EEAEF7 /* Core */ = {
			isa = PBXGroup;
			children = (
				EF05A7D22C6D772F001A80D3 /* Authentication */,
				EF1775D22C6EABB500EEAEF7 /* Profile */,
				EF1775D12C6EAB9E00EEAEF7 /* Root */,
			);
			path = Core;
			sourceTree = "<group>";
		};
		EF1775D12C6EAB9E00EEAEF7 /* Root */ = {
			isa = PBXGroup;
			children = (
			);
			path = Root;
			sourceTree = "<group>";
		};
		EF1775D22C6EABB500EEAEF7 /* Profile */ = {
			isa = PBXGroup;
			children = (
				EFBA26D52C6EC13100CD85F6 /* User.swift */,
				EFBA26D12C6EBC6700CD85F6 /* ProfileView.swift */,
				EF64761E2C81258200C8C9BA /* Settings View.swift */,
				EF6476202C81291400C8C9BA /* GeneralSettingsView.swift */,
				EF6476222C81293300C8C9BA /* ApperanceSettingView.swift */,
			);
			path = Profile;
			sourceTree = "<group>";
		};
		EF1C60AD2C6A6FD1000F29E2 = {
			isa = PBXGroup;
			children = (
				EF1C60B82C6A6FD1000F29E2 /* BoulderBro */,
				EF1C60C92C6A6FD2000F29E2 /* BoulderBroTests */,
				EF1C60D32C6A6FD2000F29E2 /* BoulderBroUITests */,
				EF1C60B72C6A6FD1000F29E2 /* Products */,
				EF1C60F62C6A905C000F29E2 /* Frameworks */,
			);
			sourceTree = "<group>";
		};
		EF1C60B72C6A6FD1000F29E2 /* Products */ = {
			isa = PBXGroup;
			children = (
				EF1C60B62C6A6FD1000F29E2 /* BoulderBro.app */,
				EF1C60C62C6A6FD2000F29E2 /* BoulderBroTests.xctest */,
				EF1C60D02C6A6FD2000F29E2 /* BoulderBroUITests.xctest */,
			);
			name = Products;
			sourceTree = "<group>";
		};
		EF1C60B82C6A6FD1000F29E2 /* BoulderBro */ = {
			isa = PBXGroup;
			children = (
				EFBA26F72C72783200CD85F6 /* Utils */,
				EFBA26F62C72562100CD85F6 /* BoulderBro.entitlements */,
				EFBA26F52C72281400CD85F6 /* Managers */,
				EF1C60ED2C6A8AB9000F29E2 /* App */,
				EF1775CD2C6EAAF900EEAEF7 /* Components */,
				EF1775D02C6EAB6E00EEAEF7 /* Core */,
				EF1C61312C6B539E000F29E2 /* Info.plist */,
				EF1C60F22C6A8F0C000F29E2 /* Model */,
				EF1C60BD2C6A6FD2000F29E2 /* Assets.xcassets */,
				EF1C60BF2C6A6FD2000F29E2 /* Preview Content */,
				EFA16F382C6D735E00D7301E /* Supporting */,
			);
			path = BoulderBro;
			sourceTree = "<group>";
		};
		EF1C60BF2C6A6FD2000F29E2 /* Preview Content */ = {
			isa = PBXGroup;
			children = (
				EF1C60BB2C6A6FD1000F29E2 /* ContentView.swift */,
				EF1C60C02C6A6FD2000F29E2 /* Preview Assets.xcassets */,
			);
			path = "Preview Content";
			sourceTree = "<group>";
		};
		EF1C60C92C6A6FD2000F29E2 /* BoulderBroTests */ = {
			isa = PBXGroup;
			children = (
				EF1C60CA2C6A6FD2000F29E2 /* BoulderBroTests.swift */,
			);
			path = BoulderBroTests;
			sourceTree = "<group>";
		};
		EF1C60D32C6A6FD2000F29E2 /* BoulderBroUITests */ = {
			isa = PBXGroup;
			children = (
				EF1C60D42C6A6FD2000F29E2 /* BoulderBroUITests.swift */,
				EF1C60D62C6A6FD2000F29E2 /* BoulderBroUITestsLaunchTests.swift */,
			);
			path = BoulderBroUITests;
			sourceTree = "<group>";
		};
		EF1C60ED2C6A8AB9000F29E2 /* App */ = {
			isa = PBXGroup;
			children = (
				EF1C60B92C6A6FD1000F29E2 /* BoulderBroApp.swift */,
				EFC7CFDD2C6E614B002D5F78 /* Font */,
			);
			path = App;
			sourceTree = "<group>";
		};
		EF1C60F22C6A8F0C000F29E2 /* Model */ = {
			isa = PBXGroup;
			children = (
				EFD9942B2C7BD4B500B316BC /* Views */,
				EF1775CE2C6EAB2100EEAEF7 /* ViewModels */,
			);
			path = Model;
			sourceTree = "<group>";
		};
		EF1C60F62C6A905C000F29E2 /* Frameworks */ = {
			isa = PBXGroup;
			children = (
				EF1C612D2C6B4C73000F29E2 /* HealthKit.framework */,
				EF1C612E2C6B4C74000F29E2 /* HealthKitUI.framework */,
			);
			name = Frameworks;
			sourceTree = "<group>";
		};
		EFA16F382C6D735E00D7301E /* Supporting */ = {
			isa = PBXGroup;
			children = (
				EF1C61252C6A9076000F29E2 /* GoogleService-Info.plist */,
			);
			path = Supporting;
			sourceTree = "<group>";
		};
		EFBA26F52C72281400CD85F6 /* Managers */ = {
			isa = PBXGroup;
			children = (
				EFBA26F32C72279300CD85F6 /* HealthManager.swift */,
				EFD994222C7B7F7900B316BC /* ColorThemeManager.swift */,
				EFF137CD2C7CDAE1003B666C /* WorkoutManager.swift */,
			);
			path = Managers;
			sourceTree = "<group>";
		};
		EFBA26F72C72783200CD85F6 /* Utils */ = {
			isa = PBXGroup;
			children = (
				EFBA26F82C72785000CD85F6 /* HKWorkoutTypeActivityType+Ext.swift */,
			);
			path = Utils;
			sourceTree = "<group>";
		};
		EFC7CFDD2C6E614B002D5F78 /* Font */ = {
			isa = PBXGroup;
			children = (
				EFC7CFE22C6E657A002D5F78 /* Kurdis-ExtraWideBold.otf */,
				EFC7CFE62C6E663F002D5F78 /* Kurdis-ExtraWideBlack.otf */,
				EFC7CFEA2C6E6775002D5F78 /* Kurdis-Regular.otf */,
			);
			path = Font;
			sourceTree = "<group>";
		};
		EFD994212C7B7D8800B316BC /* Charts */ = {
			isa = PBXGroup;
			children = (
				EFD9941D2C7B73A800B316BC /* HeartRateChart.swift */,
				EFD9941B2C7B3E8A00B316BC /* SessionDurationChart.swift */,
				EF359BA32C7906B60067329B /* CaloriesChart.swift */,
				EF6476122C7F5B8E00C8C9BA /* WeeklyClimbingDuration.swift */,
			);
			path = Charts;
			sourceTree = "<group>";
		};
		EFD9942B2C7BD4B500B316BC /* Views */ = {
			isa = PBXGroup;
			children = (
				EFC7CFDB2C6E2F1E002D5F78 /* Home.swift */,
				EF3115282C74D0CD0078A8C0 /* MyClimbsView.swift */,
				EFBA26E02C7097A200CD85F6 /* FitnessHome.swift */,
				EF359BAB2C79E7A90067329B /* MembershipCardView.swift */,
				EF1C60E32C6A7005000F29E2 /* Splash Screen.swift */,
				EFD994242C7B7FC900B316BC /* ThemeColorPickerView.swift */,
				EFD994192C7B357A00B316BC /* DeepInsightsView.swift */,
				EFD994302C7BD99400B316BC /* videosView.swift */,
				EFD994322C7BDA7700B316BC /* Chat.swift */,
				EF6476102C7E33C200C8C9BA /* AllClimbs.swift */,
				EF6476242C81E76000C8C9BA /* HangTimerLeaderBoard.swift */,
			);
			path = Views;
			sourceTree = "<group>";
		};
/* End PBXGroup section */

/* Begin PBXNativeTarget section */
		EF1C60B52C6A6FD1000F29E2 /* BoulderBro */ = {
			isa = PBXNativeTarget;
			buildConfigurationList = EF1C60DA2C6A6FD2000F29E2 /* Build configuration list for PBXNativeTarget "BoulderBro" */;
			buildPhases = (
				EF1C60B22C6A6FD1000F29E2 /* Sources */,
				EF1C60B32C6A6FD1000F29E2 /* Frameworks */,
				EF1C60B42C6A6FD1000F29E2 /* Resources */,
			);
			buildRules = (
			);
			dependencies = (
			);
			name = BoulderBro;
			packageProductDependencies = (
				EFA16F422C6D759A00D7301E /* FirebaseAnalytics */,
				EFA16F442C6D759A00D7301E /* FirebaseAnalyticsOnDeviceConversion */,
				EFA16F462C6D759A00D7301E /* FirebaseAnalyticsWithoutAdIdSupport */,
				EFA16F482C6D759A00D7301E /* FirebaseAppCheck */,
				EFA16F4A2C6D759A00D7301E /* FirebaseAppDistribution-Beta */,
				EFA16F4C2C6D759A00D7301E /* FirebaseAuth */,
				EFA16F4E2C6D759A00D7301E /* FirebaseAuthCombine-Community */,
				EFA16F502C6D759A00D7301E /* FirebaseCrashlytics */,
				EFA16F522C6D759A00D7301E /* FirebaseDatabase */,
				EFA16F542C6D759A00D7301E /* FirebaseDynamicLinks */,
				EFA16F562C6D759A00D7301E /* FirebaseFirestore */,
				EFA16F582C6D759A00D7301E /* FirebaseFirestoreCombine-Community */,
				EFA16F5A2C6D759A00D7301E /* FirebaseFunctions */,
				EFA16F5C2C6D759A00D7301E /* FirebaseFunctionsCombine-Community */,
				EFA16F5E2C6D759A00D7301E /* FirebaseInAppMessaging-Beta */,
				EFA16F602C6D759A00D7301E /* FirebaseInstallations */,
				EFA16F622C6D759A00D7301E /* FirebaseMessaging */,
				EFA16F642C6D759A00D7301E /* FirebaseMLModelDownloader */,
				EFA16F662C6D759A00D7301E /* FirebasePerformance */,
				EFA16F682C6D759A00D7301E /* FirebaseRemoteConfig */,
				EFA16F6A2C6D759A00D7301E /* FirebaseStorage */,
				EFA16F6C2C6D759A00D7301E /* FirebaseStorageCombine-Community */,
				EFA16F6E2C6D759A00D7301E /* FirebaseVertexAI-Preview */,
				EFC7D01B2C6EA6EC002D5F78 /* GoogleSignIn */,
				EFC7D01D2C6EA6EC002D5F78 /* GoogleSignInSwift */,
				EFD994112C7A01CB00B316BC /* Mantis */,
				EFD994352C7BDCAC00B316BC /* CometChatUIKitSwift */,
			);
			productName = BoulderBro;
			productReference = EF1C60B62C6A6FD1000F29E2 /* BoulderBro.app */;
			productType = "com.apple.product-type.application";
		};
		EF1C60C52C6A6FD2000F29E2 /* BoulderBroTests */ = {
			isa = PBXNativeTarget;
			buildConfigurationList = EF1C60DD2C6A6FD2000F29E2 /* Build configuration list for PBXNativeTarget "BoulderBroTests" */;
			buildPhases = (
				EF1C60C22C6A6FD2000F29E2 /* Sources */,
				EF1C60C32C6A6FD2000F29E2 /* Frameworks */,
				EF1C60C42C6A6FD2000F29E2 /* Resources */,
			);
			buildRules = (
			);
			dependencies = (
				EF1C60C82C6A6FD2000F29E2 /* PBXTargetDependency */,
			);
			name = BoulderBroTests;
			productName = BoulderBroTests;
			productReference = EF1C60C62C6A6FD2000F29E2 /* BoulderBroTests.xctest */;
			productType = "com.apple.product-type.bundle.unit-test";
		};
		EF1C60CF2C6A6FD2000F29E2 /* BoulderBroUITests */ = {
			isa = PBXNativeTarget;
			buildConfigurationList = EF1C60E02C6A6FD2000F29E2 /* Build configuration list for PBXNativeTarget "BoulderBroUITests" */;
			buildPhases = (
				EF1C60CC2C6A6FD2000F29E2 /* Sources */,
				EF1C60CD2C6A6FD2000F29E2 /* Frameworks */,
				EF1C60CE2C6A6FD2000F29E2 /* Resources */,
			);
			buildRules = (
			);
			dependencies = (
				EF1C60D22C6A6FD2000F29E2 /* PBXTargetDependency */,
			);
			name = BoulderBroUITests;
			productName = BoulderBroUITests;
			productReference = EF1C60D02C6A6FD2000F29E2 /* BoulderBroUITests.xctest */;
			productType = "com.apple.product-type.bundle.ui-testing";
		};
/* End PBXNativeTarget section */

/* Begin PBXProject section */
		EF1C60AE2C6A6FD1000F29E2 /* Project object */ = {
			isa = PBXProject;
			attributes = {
				BuildIndependentTargetsInParallel = 1;
				LastSwiftUpdateCheck = 1540;
				LastUpgradeCheck = 1610;
				TargetAttributes = {
					EF1C60B52C6A6FD1000F29E2 = {
						CreatedOnToolsVersion = 15.4;
					};
					EF1C60C52C6A6FD2000F29E2 = {
						CreatedOnToolsVersion = 15.4;
						TestTargetID = EF1C60B52C6A6FD1000F29E2;
					};
					EF1C60CF2C6A6FD2000F29E2 = {
						CreatedOnToolsVersion = 15.4;
						TestTargetID = EF1C60B52C6A6FD1000F29E2;
					};
				};
			};
			buildConfigurationList = EF1C60B12C6A6FD1000F29E2 /* Build configuration list for PBXProject "BoulderBro" */;
			compatibilityVersion = "Xcode 14.0";
			developmentRegion = en;
			hasScannedForEncodings = 0;
			knownRegions = (
				en,
				Base,
			);
			mainGroup = EF1C60AD2C6A6FD1000F29E2;
			packageReferences = (
				EF1C60F52C6A9011000F29E2 /* XCRemoteSwiftPackageReference "firebase-ios-sdk" */,
				EFC7D01A2C6EA6EC002D5F78 /* XCRemoteSwiftPackageReference "GoogleSignIn-iOS" */,
				EFD994102C7A01CB00B316BC /* XCRemoteSwiftPackageReference "Mantis" */,
				EFD994342C7BDCAC00B316BC /* XCRemoteSwiftPackageReference "cometchat-chat-uikit-ios-swift" */,
			);
			productRefGroup = EF1C60B72C6A6FD1000F29E2 /* Products */;
			projectDirPath = "";
			projectRoot = "";
			targets = (
				EF1C60B52C6A6FD1000F29E2 /* BoulderBro */,
				EF1C60C52C6A6FD2000F29E2 /* BoulderBroTests */,
				EF1C60CF2C6A6FD2000F29E2 /* BoulderBroUITests */,
			);
		};
/* End PBXProject section */

/* Begin PBXResourcesBuildPhase section */
		EF1C60B42C6A6FD1000F29E2 /* Resources */ = {
			isa = PBXResourcesBuildPhase;
			buildActionMask = 2147483647;
			files = (
				EFC7CFEB2C6E6775002D5F78 /* Kurdis-Regular.otf in Resources */,
				EFC7CFE32C6E657A002D5F78 /* Kurdis-ExtraWideBold.otf in Resources */,
				EF1C60C12C6A6FD2000F29E2 /* Preview Assets.xcassets in Resources */,
				EF1C61262C6A9076000F29E2 /* GoogleService-Info.plist in Resources */,
				EF1C60BE2C6A6FD2000F29E2 /* Assets.xcassets in Resources */,
				EFC7CFE72C6E663F002D5F78 /* Kurdis-ExtraWideBlack.otf in Resources */,
			);
			runOnlyForDeploymentPostprocessing = 0;
		};
		EF1C60C42C6A6FD2000F29E2 /* Resources */ = {
			isa = PBXResourcesBuildPhase;
			buildActionMask = 2147483647;
			files = (
				EFC7CFEC2C6E6775002D5F78 /* Kurdis-Regular.otf in Resources */,
				EFC7CFE42C6E657A002D5F78 /* Kurdis-ExtraWideBold.otf in Resources */,
				EFC7CFE82C6E663F002D5F78 /* Kurdis-ExtraWideBlack.otf in Resources */,
			);
			runOnlyForDeploymentPostprocessing = 0;
		};
		EF1C60CE2C6A6FD2000F29E2 /* Resources */ = {
			isa = PBXResourcesBuildPhase;
			buildActionMask = 2147483647;
			files = (
				EFC7CFED2C6E6775002D5F78 /* Kurdis-Regular.otf in Resources */,
				EFC7CFE52C6E657A002D5F78 /* Kurdis-ExtraWideBold.otf in Resources */,
				EFC7CFE92C6E663F002D5F78 /* Kurdis-ExtraWideBlack.otf in Resources */,
			);
			runOnlyForDeploymentPostprocessing = 0;
		};
/* End PBXResourcesBuildPhase section */

/* Begin PBXSourcesBuildPhase section */
		EF1C60B22C6A6FD1000F29E2 /* Sources */ = {
			isa = PBXSourcesBuildPhase;
			buildActionMask = 2147483647;
			files = (
				EF1775D42C6EABCC00EEAEF7 /* LogInView.swift in Sources */,
				EFBA26D22C6EBC6700CD85F6 /* ProfileView.swift in Sources */,
				EF31152D2C74DD9C0078A8C0 /* PersonalClimb.swift in Sources */,
				EF6476212C81291400C8C9BA /* GeneralSettingsView.swift in Sources */,
				EFBA26F42C72279300CD85F6 /* HealthManager.swift in Sources */,
				EFBA26E72C70B6D400CD85F6 /* ActivityCard.swift in Sources */,
				EFBA26D42C6EBDE600CD85F6 /* SettingsRowView.swift in Sources */,
				EFBA26E92C70D6FC00CD85F6 /* WorkoutCard.swift in Sources */,
				EFD9941C2C7B3E8A00B316BC /* SessionDurationChart.swift in Sources */,
				EFBA26CE2C6EAD2700CD85F6 /* InputView.swift in Sources */,
				EFBA26FB2C72A02B00CD85F6 /* HangTimer.swift in Sources */,
				EF64761F2C81258200C8C9BA /* Settings View.swift in Sources */,
				EFC7CFDC2C6E2F1E002D5F78 /* Home.swift in Sources */,
				EF359BA42C7906B60067329B /* CaloriesChart.swift in Sources */,
				EF6476252C81E76000C8C9BA /* HangTimerLeaderBoard.swift in Sources */,
				EF3115292C74D0CD0078A8C0 /* MyClimbsView.swift in Sources */,
				EFD994332C7BDA7700B316BC /* Chat.swift in Sources */,
				EF1C60E42C6A7005000F29E2 /* Splash Screen.swift in Sources */,
				EFD9941E2C7B73A800B316BC /* HeartRateChart.swift in Sources */,
				EF64761D2C80CE4E00C8C9BA /* HRVActivityCard.swift in Sources */,
				EF6476172C80C3CD00C8C9BA /* HeartRateActivityCard.swift in Sources */,
				EFD994142C7A153900B316BC /* Circles.swift in Sources */,
				EFD9941A2C7B357A00B316BC /* DeepInsightsView.swift in Sources */,
				EFBA26F02C70E0F900CD85F6 /* Activity.swift in Sources */,
				EFD994202C7B747000B316BC /* IdentifiableHeartRateSample.swift in Sources */,
				EF1C60BC2C6A6FD1000F29E2 /* ContentView.swift in Sources */,
				EF6476232C81293300C8C9BA /* ApperanceSettingView.swift in Sources */,
				EFBA26D02C6EBA0000CD85F6 /* RegisterView.swift in Sources */,
				EFBA26D82C6F70F200CD85F6 /* AuthViewModel.swift in Sources */,
				EFA7D8392C74ECE1006E764E /* ImagePicker.swift in Sources */,
				EFBA26E12C7097A200CD85F6 /* FitnessHome.swift in Sources */,
				EFD994232C7B7F7900B316BC /* ColorThemeManager.swift in Sources */,
				EF31152B2C74D6240078A8C0 /* CurrentLevel.swift in Sources */,
				EF6476192C80C54800C8C9BA /* HighestHeartRateActivityCard.swift in Sources */,
				EFD994312C7BD99400B316BC /* videosView.swift in Sources */,
				EFBA26EB2C70E02A00CD85F6 /* FitnessHomeViewModel.swift in Sources */,
				EF6476112C7E33C200C8C9BA /* AllClimbs.swift in Sources */,
				EF359BAC2C79E7A90067329B /* MembershipCardView.swift in Sources */,
				EFA7D8332C74E87C006E764E /* Climb.swift in Sources */,
				EF6476152C7F654F00C8C9BA /* LogClimbView.swift in Sources */,
				EFBA26F22C70E12F00CD85F6 /* Workout.swift in Sources */,
				EFA7D8372C74EABC006E764E /* MyClimbsViewController.swift in Sources */,
				EF1C60BA2C6A6FD1000F29E2 /* BoulderBroApp.swift in Sources */,
				EFD994252C7B7FC900B316BC /* ThemeColorPickerView.swift in Sources */,
				EFBA26E52C70A09200CD85F6 /* ProgressCircleView.swift in Sources */,
				EFBA26F92C72785000CD85F6 /* HKWorkoutTypeActivityType+Ext.swift in Sources */,
				EFF137CE2C7CDAE1003B666C /* WorkoutManager.swift in Sources */,
				EF64761B2C80C79E00C8C9BA /* RecoveryTimeActivityCard.swift in Sources */,
				EF6476132C7F5B8E00C8C9BA /* WeeklyClimbingDuration.swift in Sources */,
				EFBA26D62C6EC13100CD85F6 /* User.swift in Sources */,
				EFA7D83B2C753592006E764E /* TheClimb.swift in Sources */,
			);
			runOnlyForDeploymentPostprocessing = 0;
		};
		EF1C60C22C6A6FD2000F29E2 /* Sources */ = {
			isa = PBXSourcesBuildPhase;
			buildActionMask = 2147483647;
			files = (
				EF1C60CB2C6A6FD2000F29E2 /* BoulderBroTests.swift in Sources */,
			);
			runOnlyForDeploymentPostprocessing = 0;
		};
		EF1C60CC2C6A6FD2000F29E2 /* Sources */ = {
			isa = PBXSourcesBuildPhase;
			buildActionMask = 2147483647;
			files = (
				EF1C60D72C6A6FD2000F29E2 /* BoulderBroUITestsLaunchTests.swift in Sources */,
				EF1C60D52C6A6FD2000F29E2 /* BoulderBroUITests.swift in Sources */,
			);
			runOnlyForDeploymentPostprocessing = 0;
		};
/* End PBXSourcesBuildPhase section */

/* Begin PBXTargetDependency section */
		EF1C60C82C6A6FD2000F29E2 /* PBXTargetDependency */ = {
			isa = PBXTargetDependency;
			target = EF1C60B52C6A6FD1000F29E2 /* BoulderBro */;
			targetProxy = EF1C60C72C6A6FD2000F29E2 /* PBXContainerItemProxy */;
		};
		EF1C60D22C6A6FD2000F29E2 /* PBXTargetDependency */ = {
			isa = PBXTargetDependency;
			target = EF1C60B52C6A6FD1000F29E2 /* BoulderBro */;
			targetProxy = EF1C60D12C6A6FD2000F29E2 /* PBXContainerItemProxy */;
		};
/* End PBXTargetDependency section */

/* Begin XCBuildConfiguration section */
		EF1C60D82C6A6FD2000F29E2 /* Debug */ = {
			isa = XCBuildConfiguration;
			buildSettings = {
				ALWAYS_SEARCH_USER_PATHS = NO;
				ASSETCATALOG_COMPILER_GENERATE_SWIFT_ASSET_SYMBOL_EXTENSIONS = YES;
				CLANG_ANALYZER_NONNULL = YES;
				CLANG_ANALYZER_NUMBER_OBJECT_CONVERSION = YES_AGGRESSIVE;
				CLANG_CXX_LANGUAGE_STANDARD = "gnu++20";
				CLANG_ENABLE_MODULES = YES;
				CLANG_ENABLE_OBJC_ARC = YES;
				CLANG_ENABLE_OBJC_WEAK = YES;
				CLANG_WARN_BLOCK_CAPTURE_AUTORELEASING = YES;
				CLANG_WARN_BOOL_CONVERSION = YES;
				CLANG_WARN_COMMA = YES;
				CLANG_WARN_CONSTANT_CONVERSION = YES;
				CLANG_WARN_DEPRECATED_OBJC_IMPLEMENTATIONS = YES;
				CLANG_WARN_DIRECT_OBJC_ISA_USAGE = YES_ERROR;
				CLANG_WARN_DOCUMENTATION_COMMENTS = YES;
				CLANG_WARN_EMPTY_BODY = YES;
				CLANG_WARN_ENUM_CONVERSION = YES;
				CLANG_WARN_INFINITE_RECURSION = YES;
				CLANG_WARN_INT_CONVERSION = YES;
				CLANG_WARN_NON_LITERAL_NULL_CONVERSION = YES;
				CLANG_WARN_OBJC_IMPLICIT_RETAIN_SELF = YES;
				CLANG_WARN_OBJC_LITERAL_CONVERSION = YES;
				CLANG_WARN_OBJC_ROOT_CLASS = YES_ERROR;
				CLANG_WARN_QUOTED_INCLUDE_IN_FRAMEWORK_HEADER = YES;
				CLANG_WARN_RANGE_LOOP_ANALYSIS = YES;
				CLANG_WARN_STRICT_PROTOTYPES = YES;
				CLANG_WARN_SUSPICIOUS_MOVE = YES;
				CLANG_WARN_UNGUARDED_AVAILABILITY = YES_AGGRESSIVE;
				CLANG_WARN_UNREACHABLE_CODE = YES;
				CLANG_WARN__DUPLICATE_METHOD_MATCH = YES;
				COPY_PHASE_STRIP = NO;
				DEBUG_INFORMATION_FORMAT = dwarf;
				ENABLE_STRICT_OBJC_MSGSEND = YES;
				ENABLE_TESTABILITY = YES;
				ENABLE_USER_SCRIPT_SANDBOXING = NO;
				GCC_C_LANGUAGE_STANDARD = gnu17;
				GCC_DYNAMIC_NO_PIC = NO;
				GCC_NO_COMMON_BLOCKS = YES;
				GCC_OPTIMIZATION_LEVEL = 0;
				GCC_PREPROCESSOR_DEFINITIONS = (
					"DEBUG=1",
					"$(inherited)",
				);
				GCC_WARN_64_TO_32_BIT_CONVERSION = YES;
				GCC_WARN_ABOUT_RETURN_TYPE = YES_ERROR;
				GCC_WARN_UNDECLARED_SELECTOR = YES;
				GCC_WARN_UNINITIALIZED_AUTOS = YES_AGGRESSIVE;
				GCC_WARN_UNUSED_FUNCTION = YES;
				GCC_WARN_UNUSED_VARIABLE = YES;
				IPHONEOS_DEPLOYMENT_TARGET = 18.0;
				LOCALIZATION_PREFERS_STRING_CATALOGS = YES;
				MTL_ENABLE_DEBUG_INFO = INCLUDE_SOURCE;
				MTL_FAST_MATH = YES;
				ONLY_ACTIVE_ARCH = YES;
				SDKROOT = iphoneos;
				SWIFT_ACTIVE_COMPILATION_CONDITIONS = "DEBUG $(inherited)";
				SWIFT_OPTIMIZATION_LEVEL = "-Onone";
				SWIFT_VERSION = 6.0;
			};
			name = Debug;
		};
		EF1C60D92C6A6FD2000F29E2 /* Release */ = {
			isa = XCBuildConfiguration;
			buildSettings = {
				ALWAYS_SEARCH_USER_PATHS = NO;
				ASSETCATALOG_COMPILER_GENERATE_SWIFT_ASSET_SYMBOL_EXTENSIONS = YES;
				CLANG_ANALYZER_NONNULL = YES;
				CLANG_ANALYZER_NUMBER_OBJECT_CONVERSION = YES_AGGRESSIVE;
				CLANG_CXX_LANGUAGE_STANDARD = "gnu++20";
				CLANG_ENABLE_MODULES = YES;
				CLANG_ENABLE_OBJC_ARC = YES;
				CLANG_ENABLE_OBJC_WEAK = YES;
				CLANG_WARN_BLOCK_CAPTURE_AUTORELEASING = YES;
				CLANG_WARN_BOOL_CONVERSION = YES;
				CLANG_WARN_COMMA = YES;
				CLANG_WARN_CONSTANT_CONVERSION = YES;
				CLANG_WARN_DEPRECATED_OBJC_IMPLEMENTATIONS = YES;
				CLANG_WARN_DIRECT_OBJC_ISA_USAGE = YES_ERROR;
				CLANG_WARN_DOCUMENTATION_COMMENTS = YES;
				CLANG_WARN_EMPTY_BODY = YES;
				CLANG_WARN_ENUM_CONVERSION = YES;
				CLANG_WARN_INFINITE_RECURSION = YES;
				CLANG_WARN_INT_CONVERSION = YES;
				CLANG_WARN_NON_LITERAL_NULL_CONVERSION = YES;
				CLANG_WARN_OBJC_IMPLICIT_RETAIN_SELF = YES;
				CLANG_WARN_OBJC_LITERAL_CONVERSION = YES;
				CLANG_WARN_OBJC_ROOT_CLASS = YES_ERROR;
				CLANG_WARN_QUOTED_INCLUDE_IN_FRAMEWORK_HEADER = YES;
				CLANG_WARN_RANGE_LOOP_ANALYSIS = YES;
				CLANG_WARN_STRICT_PROTOTYPES = YES;
				CLANG_WARN_SUSPICIOUS_MOVE = YES;
				CLANG_WARN_UNGUARDED_AVAILABILITY = YES_AGGRESSIVE;
				CLANG_WARN_UNREACHABLE_CODE = YES;
				CLANG_WARN__DUPLICATE_METHOD_MATCH = YES;
				COPY_PHASE_STRIP = NO;
				DEBUG_INFORMATION_FORMAT = "dwarf-with-dsym";
				ENABLE_NS_ASSERTIONS = NO;
				ENABLE_STRICT_OBJC_MSGSEND = YES;
				ENABLE_USER_SCRIPT_SANDBOXING = NO;
				GCC_C_LANGUAGE_STANDARD = gnu17;
				GCC_NO_COMMON_BLOCKS = YES;
				GCC_WARN_64_TO_32_BIT_CONVERSION = YES;
				GCC_WARN_ABOUT_RETURN_TYPE = YES_ERROR;
				GCC_WARN_UNDECLARED_SELECTOR = YES;
				GCC_WARN_UNINITIALIZED_AUTOS = YES_AGGRESSIVE;
				GCC_WARN_UNUSED_FUNCTION = YES;
				GCC_WARN_UNUSED_VARIABLE = YES;
				IPHONEOS_DEPLOYMENT_TARGET = 18.0;
				LOCALIZATION_PREFERS_STRING_CATALOGS = YES;
				MTL_ENABLE_DEBUG_INFO = NO;
				MTL_FAST_MATH = YES;
				SDKROOT = iphoneos;
				SWIFT_COMPILATION_MODE = wholemodule;
				SWIFT_VERSION = 6.0;
				VALIDATE_PRODUCT = YES;
			};
			name = Release;
		};
		EF1C60DB2C6A6FD2000F29E2 /* Debug */ = {
			isa = XCBuildConfiguration;
			buildSettings = {
				ASSETCATALOG_COMPILER_APPICON_NAME = AppIcon;
				ASSETCATALOG_COMPILER_GLOBAL_ACCENT_COLOR_NAME = AccentColor;
				CODE_SIGN_ENTITLEMENTS = BoulderBro/BoulderBro.entitlements;
				CODE_SIGN_STYLE = Automatic;
				CURRENT_PROJECT_VERSION = 1;
				DEVELOPMENT_ASSET_PATHS = /Users/hazz/Movies/BoulderBro/BoulderBro/;
				DEVELOPMENT_TEAM = 2Y2J8H2C3F;
				ENABLE_PREVIEWS = YES;
				GENERATE_INFOPLIST_FILE = YES;
				INFOPLIST_FILE = BoulderBro/Info.plist;
				INFOPLIST_KEY_LSApplicationCategoryType = "public.app-category.healthcare-fitness";
				INFOPLIST_KEY_NSCameraUsageDescription = "Access Camera";
				INFOPLIST_KEY_NSHealthClinicalHealthRecordsShareUsageDescription = "Your data will be used to supply insightful climbing insights.";
				INFOPLIST_KEY_NSHealthShareUsageDescription = "Your app needs access to your health data to display your activity summary.";
				INFOPLIST_KEY_NSHealthUpdateUsageDescription = "Your app needs access to update your health data to track your workouts.";
				INFOPLIST_KEY_NSMicrophoneUsageDescription = "Access Microphone";
				INFOPLIST_KEY_NSPhotoLibraryAddUsageDescription = "Use Photos";
				INFOPLIST_KEY_NSPhotoLibraryUsageDescription = "Access Photos";
				INFOPLIST_KEY_UIApplicationSceneManifest_Generation = YES;
				INFOPLIST_KEY_UIApplicationSupportsIndirectInputEvents = YES;
				INFOPLIST_KEY_UILaunchScreen_Generation = YES;
				INFOPLIST_KEY_UISupportedInterfaceOrientations = UIInterfaceOrientationPortrait;
				LD_RUNPATH_SEARCH_PATHS = (
					"$(inherited)",
					"@executable_path/Frameworks",
				);
				MARKETING_VERSION = 1.0.2;
				PRODUCT_BUNDLE_IDENTIFIER = Boulder.BoulderBro.Climbing;
				PRODUCT_NAME = "$(TARGET_NAME)";
				SWIFT_EMIT_LOC_STRINGS = YES;
				SWIFT_VERSION = 5.0;
				TARGETED_DEVICE_FAMILY = "1,2";
			};
			name = Debug;
		};
		EF1C60DC2C6A6FD2000F29E2 /* Release */ = {
			isa = XCBuildConfiguration;
			buildSettings = {
				ASSETCATALOG_COMPILER_APPICON_NAME = AppIcon;
				ASSETCATALOG_COMPILER_GLOBAL_ACCENT_COLOR_NAME = AccentColor;
				CODE_SIGN_ENTITLEMENTS = BoulderBro/BoulderBro.entitlements;
				CODE_SIGN_STYLE = Automatic;
				CURRENT_PROJECT_VERSION = 1;
				DEVELOPMENT_ASSET_PATHS = /Users/hazz/Movies/BoulderBro/BoulderBro/;
				DEVELOPMENT_TEAM = 2Y2J8H2C3F;
				ENABLE_PREVIEWS = YES;
				GENERATE_INFOPLIST_FILE = YES;
				INFOPLIST_FILE = BoulderBro/Info.plist;
				INFOPLIST_KEY_LSApplicationCategoryType = "public.app-category.healthcare-fitness";
				INFOPLIST_KEY_NSCameraUsageDescription = "Access Camera";
				INFOPLIST_KEY_NSHealthClinicalHealthRecordsShareUsageDescription = "Your data will be used to supply insightful climbing insights.";
				INFOPLIST_KEY_NSHealthShareUsageDescription = "Your app needs access to your health data to display your activity summary.";
				INFOPLIST_KEY_NSHealthUpdateUsageDescription = "Your app needs access to update your health data to track your workouts.";
				INFOPLIST_KEY_NSMicrophoneUsageDescription = "Access Microphone";
				INFOPLIST_KEY_NSPhotoLibraryAddUsageDescription = "Use Photos";
				INFOPLIST_KEY_NSPhotoLibraryUsageDescription = "Access Photos";
				INFOPLIST_KEY_UIApplicationSceneManifest_Generation = YES;
				INFOPLIST_KEY_UIApplicationSupportsIndirectInputEvents = YES;
				INFOPLIST_KEY_UILaunchScreen_Generation = YES;
				INFOPLIST_KEY_UISupportedInterfaceOrientations = UIInterfaceOrientationPortrait;
				LD_RUNPATH_SEARCH_PATHS = (
					"$(inherited)",
					"@executable_path/Frameworks",
				);
				MARKETING_VERSION = 1.0.2;
				PRODUCT_BUNDLE_IDENTIFIER = Boulder.BoulderBro.Climbing;
				PRODUCT_NAME = "$(TARGET_NAME)";
				SWIFT_EMIT_LOC_STRINGS = YES;
				SWIFT_VERSION = 5.0;
				TARGETED_DEVICE_FAMILY = "1,2";
			};
			name = Release;
		};
		EF1C60DE2C6A6FD2000F29E2 /* Debug */ = {
			isa = XCBuildConfiguration;
			buildSettings = {
				BUNDLE_LOADER = "$(TEST_HOST)";
				CODE_SIGN_STYLE = Automatic;
				CURRENT_PROJECT_VERSION = 1;
				GENERATE_INFOPLIST_FILE = YES;
				IPHONEOS_DEPLOYMENT_TARGET = 17.5;
				MARKETING_VERSION = 1.0;
				PRODUCT_BUNDLE_IDENTIFIER = Boulder.BoulderBroTests;
				PRODUCT_NAME = "$(TARGET_NAME)";
				SWIFT_EMIT_LOC_STRINGS = NO;
				SWIFT_VERSION = 5.0;
				TARGETED_DEVICE_FAMILY = "1,2";
				TEST_HOST = "$(BUILT_PRODUCTS_DIR)/BoulderBro.app/$(BUNDLE_EXECUTABLE_FOLDER_PATH)/BoulderBro";
			};
			name = Debug;
		};
		EF1C60DF2C6A6FD2000F29E2 /* Release */ = {
			isa = XCBuildConfiguration;
			buildSettings = {
				BUNDLE_LOADER = "$(TEST_HOST)";
				CODE_SIGN_STYLE = Automatic;
				CURRENT_PROJECT_VERSION = 1;
				GENERATE_INFOPLIST_FILE = YES;
				IPHONEOS_DEPLOYMENT_TARGET = 17.5;
				MARKETING_VERSION = 1.0;
				PRODUCT_BUNDLE_IDENTIFIER = Boulder.BoulderBroTests;
				PRODUCT_NAME = "$(TARGET_NAME)";
				SWIFT_EMIT_LOC_STRINGS = NO;
				SWIFT_VERSION = 5.0;
				TARGETED_DEVICE_FAMILY = "1,2";
				TEST_HOST = "$(BUILT_PRODUCTS_DIR)/BoulderBro.app/$(BUNDLE_EXECUTABLE_FOLDER_PATH)/BoulderBro";
			};
			name = Release;
		};
		EF1C60E12C6A6FD2000F29E2 /* Debug */ = {
			isa = XCBuildConfiguration;
			buildSettings = {
				CODE_SIGN_STYLE = Automatic;
				CURRENT_PROJECT_VERSION = 1;
				DEVELOPMENT_TEAM = 2Y2J8H2C3F;
				GENERATE_INFOPLIST_FILE = YES;
				MARKETING_VERSION = 1.0;
				PRODUCT_BUNDLE_IDENTIFIER = Boulder.BoulderBroUITests;
				PRODUCT_NAME = "$(TARGET_NAME)";
				SWIFT_EMIT_LOC_STRINGS = NO;
				SWIFT_VERSION = 5.0;
				TARGETED_DEVICE_FAMILY = "1,2";
				TEST_TARGET_NAME = BoulderBro;
			};
			name = Debug;
		};
		EF1C60E22C6A6FD2000F29E2 /* Release */ = {
			isa = XCBuildConfiguration;
			buildSettings = {
				CODE_SIGN_STYLE = Automatic;
				CURRENT_PROJECT_VERSION = 1;
				DEVELOPMENT_TEAM = 2Y2J8H2C3F;
				GENERATE_INFOPLIST_FILE = YES;
				MARKETING_VERSION = 1.0;
				PRODUCT_BUNDLE_IDENTIFIER = Boulder.BoulderBroUITests;
				PRODUCT_NAME = "$(TARGET_NAME)";
				SWIFT_EMIT_LOC_STRINGS = NO;
				SWIFT_VERSION = 5.0;
				TARGETED_DEVICE_FAMILY = "1,2";
				TEST_TARGET_NAME = BoulderBro;
			};
			name = Release;
		};
/* End XCBuildConfiguration section */

/* Begin XCConfigurationList section */
		EF1C60B12C6A6FD1000F29E2 /* Build configuration list for PBXProject "BoulderBro" */ = {
			isa = XCConfigurationList;
			buildConfigurations = (
				EF1C60D82C6A6FD2000F29E2 /* Debug */,
				EF1C60D92C6A6FD2000F29E2 /* Release */,
			);
			defaultConfigurationIsVisible = 0;
			defaultConfigurationName = Release;
		};
		EF1C60DA2C6A6FD2000F29E2 /* Build configuration list for PBXNativeTarget "BoulderBro" */ = {
			isa = XCConfigurationList;
			buildConfigurations = (
				EF1C60DB2C6A6FD2000F29E2 /* Debug */,
				EF1C60DC2C6A6FD2000F29E2 /* Release */,
			);
			defaultConfigurationIsVisible = 0;
			defaultConfigurationName = Release;
		};
		EF1C60DD2C6A6FD2000F29E2 /* Build configuration list for PBXNativeTarget "BoulderBroTests" */ = {
			isa = XCConfigurationList;
			buildConfigurations = (
				EF1C60DE2C6A6FD2000F29E2 /* Debug */,
				EF1C60DF2C6A6FD2000F29E2 /* Release */,
			);
			defaultConfigurationIsVisible = 0;
			defaultConfigurationName = Release;
		};
		EF1C60E02C6A6FD2000F29E2 /* Build configuration list for PBXNativeTarget "BoulderBroUITests" */ = {
			isa = XCConfigurationList;
			buildConfigurations = (
				EF1C60E12C6A6FD2000F29E2 /* Debug */,
				EF1C60E22C6A6FD2000F29E2 /* Release */,
			);
			defaultConfigurationIsVisible = 0;
			defaultConfigurationName = Release;
		};
/* End XCConfigurationList section */

/* Begin XCRemoteSwiftPackageReference section */
		EF1C60F52C6A9011000F29E2 /* XCRemoteSwiftPackageReference "firebase-ios-sdk" */ = {
			isa = XCRemoteSwiftPackageReference;
			repositoryURL = "https://github.com/firebase/firebase-ios-sdk";
			requirement = {
				kind = upToNextMajorVersion;
				minimumVersion = 11.0.0;
			};
		};
		EFC7D01A2C6EA6EC002D5F78 /* XCRemoteSwiftPackageReference "GoogleSignIn-iOS" */ = {
			isa = XCRemoteSwiftPackageReference;
			repositoryURL = "https://github.com/google/GoogleSignIn-iOS.git";
			requirement = {
				kind = upToNextMajorVersion;
				minimumVersion = 8.0.0;
			};
		};
		EFD994102C7A01CB00B316BC /* XCRemoteSwiftPackageReference "Mantis" */ = {
			isa = XCRemoteSwiftPackageReference;
			repositoryURL = "https://github.com/guoyingtao/Mantis.git";
			requirement = {
				kind = upToNextMajorVersion;
				minimumVersion = 1.7.5;
			};
		};
		EFD994342C7BDCAC00B316BC /* XCRemoteSwiftPackageReference "cometchat-chat-uikit-ios-swift" */ = {
			isa = XCRemoteSwiftPackageReference;
			repositoryURL = "https://github.com/cometchat-pro/cometchat-chat-uikit-ios-swift.git";
			requirement = {
				kind = upToNextMajorVersion;
				minimumVersion = 4.3.17;
			};
		};
/* End XCRemoteSwiftPackageReference section */

/* Begin XCSwiftPackageProductDependency section */
		EFA16F422C6D759A00D7301E /* FirebaseAnalytics */ = {
			isa = XCSwiftPackageProductDependency;
			package = EF1C60F52C6A9011000F29E2 /* XCRemoteSwiftPackageReference "firebase-ios-sdk" */;
			productName = FirebaseAnalytics;
		};
		EFA16F442C6D759A00D7301E /* FirebaseAnalyticsOnDeviceConversion */ = {
			isa = XCSwiftPackageProductDependency;
			package = EF1C60F52C6A9011000F29E2 /* XCRemoteSwiftPackageReference "firebase-ios-sdk" */;
			productName = FirebaseAnalyticsOnDeviceConversion;
		};
		EFA16F462C6D759A00D7301E /* FirebaseAnalyticsWithoutAdIdSupport */ = {
			isa = XCSwiftPackageProductDependency;
			package = EF1C60F52C6A9011000F29E2 /* XCRemoteSwiftPackageReference "firebase-ios-sdk" */;
			productName = FirebaseAnalyticsWithoutAdIdSupport;
		};
		EFA16F482C6D759A00D7301E /* FirebaseAppCheck */ = {
			isa = XCSwiftPackageProductDependency;
			package = EF1C60F52C6A9011000F29E2 /* XCRemoteSwiftPackageReference "firebase-ios-sdk" */;
			productName = FirebaseAppCheck;
		};
		EFA16F4A2C6D759A00D7301E /* FirebaseAppDistribution-Beta */ = {
			isa = XCSwiftPackageProductDependency;
			package = EF1C60F52C6A9011000F29E2 /* XCRemoteSwiftPackageReference "firebase-ios-sdk" */;
			productName = "FirebaseAppDistribution-Beta";
		};
		EFA16F4C2C6D759A00D7301E /* FirebaseAuth */ = {
			isa = XCSwiftPackageProductDependency;
			package = EF1C60F52C6A9011000F29E2 /* XCRemoteSwiftPackageReference "firebase-ios-sdk" */;
			productName = FirebaseAuth;
		};
		EFA16F4E2C6D759A00D7301E /* FirebaseAuthCombine-Community */ = {
			isa = XCSwiftPackageProductDependency;
			package = EF1C60F52C6A9011000F29E2 /* XCRemoteSwiftPackageReference "firebase-ios-sdk" */;
			productName = "FirebaseAuthCombine-Community";
		};
		EFA16F502C6D759A00D7301E /* FirebaseCrashlytics */ = {
			isa = XCSwiftPackageProductDependency;
			package = EF1C60F52C6A9011000F29E2 /* XCRemoteSwiftPackageReference "firebase-ios-sdk" */;
			productName = FirebaseCrashlytics;
		};
		EFA16F522C6D759A00D7301E /* FirebaseDatabase */ = {
			isa = XCSwiftPackageProductDependency;
			package = EF1C60F52C6A9011000F29E2 /* XCRemoteSwiftPackageReference "firebase-ios-sdk" */;
			productName = FirebaseDatabase;
		};
		EFA16F542C6D759A00D7301E /* FirebaseDynamicLinks */ = {
			isa = XCSwiftPackageProductDependency;
			package = EF1C60F52C6A9011000F29E2 /* XCRemoteSwiftPackageReference "firebase-ios-sdk" */;
			productName = FirebaseDynamicLinks;
		};
		EFA16F562C6D759A00D7301E /* FirebaseFirestore */ = {
			isa = XCSwiftPackageProductDependency;
			package = EF1C60F52C6A9011000F29E2 /* XCRemoteSwiftPackageReference "firebase-ios-sdk" */;
			productName = FirebaseFirestore;
		};
		EFA16F582C6D759A00D7301E /* FirebaseFirestoreCombine-Community */ = {
			isa = XCSwiftPackageProductDependency;
			package = EF1C60F52C6A9011000F29E2 /* XCRemoteSwiftPackageReference "firebase-ios-sdk" */;
			productName = "FirebaseFirestoreCombine-Community";
		};
		EFA16F5A2C6D759A00D7301E /* FirebaseFunctions */ = {
			isa = XCSwiftPackageProductDependency;
			package = EF1C60F52C6A9011000F29E2 /* XCRemoteSwiftPackageReference "firebase-ios-sdk" */;
			productName = FirebaseFunctions;
		};
		EFA16F5C2C6D759A00D7301E /* FirebaseFunctionsCombine-Community */ = {
			isa = XCSwiftPackageProductDependency;
			package = EF1C60F52C6A9011000F29E2 /* XCRemoteSwiftPackageReference "firebase-ios-sdk" */;
			productName = "FirebaseFunctionsCombine-Community";
		};
		EFA16F5E2C6D759A00D7301E /* FirebaseInAppMessaging-Beta */ = {
			isa = XCSwiftPackageProductDependency;
			package = EF1C60F52C6A9011000F29E2 /* XCRemoteSwiftPackageReference "firebase-ios-sdk" */;
			productName = "FirebaseInAppMessaging-Beta";
		};
		EFA16F602C6D759A00D7301E /* FirebaseInstallations */ = {
			isa = XCSwiftPackageProductDependency;
			package = EF1C60F52C6A9011000F29E2 /* XCRemoteSwiftPackageReference "firebase-ios-sdk" */;
			productName = FirebaseInstallations;
		};
		EFA16F622C6D759A00D7301E /* FirebaseMessaging */ = {
			isa = XCSwiftPackageProductDependency;
			package = EF1C60F52C6A9011000F29E2 /* XCRemoteSwiftPackageReference "firebase-ios-sdk" */;
			productName = FirebaseMessaging;
		};
		EFA16F642C6D759A00D7301E /* FirebaseMLModelDownloader */ = {
			isa = XCSwiftPackageProductDependency;
			package = EF1C60F52C6A9011000F29E2 /* XCRemoteSwiftPackageReference "firebase-ios-sdk" */;
			productName = FirebaseMLModelDownloader;
		};
		EFA16F662C6D759A00D7301E /* FirebasePerformance */ = {
			isa = XCSwiftPackageProductDependency;
			package = EF1C60F52C6A9011000F29E2 /* XCRemoteSwiftPackageReference "firebase-ios-sdk" */;
			productName = FirebasePerformance;
		};
		EFA16F682C6D759A00D7301E /* FirebaseRemoteConfig */ = {
			isa = XCSwiftPackageProductDependency;
			package = EF1C60F52C6A9011000F29E2 /* XCRemoteSwiftPackageReference "firebase-ios-sdk" */;
			productName = FirebaseRemoteConfig;
		};
		EFA16F6A2C6D759A00D7301E /* FirebaseStorage */ = {
			isa = XCSwiftPackageProductDependency;
			package = EF1C60F52C6A9011000F29E2 /* XCRemoteSwiftPackageReference "firebase-ios-sdk" */;
			productName = FirebaseStorage;
		};
		EFA16F6C2C6D759A00D7301E /* FirebaseStorageCombine-Community */ = {
			isa = XCSwiftPackageProductDependency;
			package = EF1C60F52C6A9011000F29E2 /* XCRemoteSwiftPackageReference "firebase-ios-sdk" */;
			productName = "FirebaseStorageCombine-Community";
		};
		EFA16F6E2C6D759A00D7301E /* FirebaseVertexAI-Preview */ = {
			isa = XCSwiftPackageProductDependency;
			package = EF1C60F52C6A9011000F29E2 /* XCRemoteSwiftPackageReference "firebase-ios-sdk" */;
			productName = "FirebaseVertexAI-Preview";
		};
		EFC7D01B2C6EA6EC002D5F78 /* GoogleSignIn */ = {
			isa = XCSwiftPackageProductDependency;
			package = EFC7D01A2C6EA6EC002D5F78 /* XCRemoteSwiftPackageReference "GoogleSignIn-iOS" */;
			productName = GoogleSignIn;
		};
		EFC7D01D2C6EA6EC002D5F78 /* GoogleSignInSwift */ = {
			isa = XCSwiftPackageProductDependency;
			package = EFC7D01A2C6EA6EC002D5F78 /* XCRemoteSwiftPackageReference "GoogleSignIn-iOS" */;
			productName = GoogleSignInSwift;
		};
		EFD994112C7A01CB00B316BC /* Mantis */ = {
			isa = XCSwiftPackageProductDependency;
			package = EFD994102C7A01CB00B316BC /* XCRemoteSwiftPackageReference "Mantis" */;
			productName = Mantis;
		};
		EFD994352C7BDCAC00B316BC /* CometChatUIKitSwift */ = {
			isa = XCSwiftPackageProductDependency;
			package = EFD994342C7BDCAC00B316BC /* XCRemoteSwiftPackageReference "cometchat-chat-uikit-ios-swift" */;
			productName = CometChatUIKitSwift;
		};
/* End XCSwiftPackageProductDependency section */
	};
	rootObject = EF1C60AE2C6A6FD1000F29E2 /* Project object */;
}
