// !$*UTF8*$!
{
	archiveVersion = 1;
	classes = {
	};
	objectVersion = 56;
	objects = {

/* Begin PBXBuildFile section */
		EF1775D42C6EABCC00EEAEF7 /* LogInView.swift in Sources */ = {isa = PBXBuildFile; fileRef = EF1775D32C6EABCC00EEAEF7 /* LogInView.swift */; };
		EF1C60BA2C6A6FD1000F29E2 /* BoulderBroApp.swift in Sources */ = {isa = PBXBuildFile; fileRef = EF1C60B92C6A6FD1000F29E2 /* BoulderBroApp.swift */; };
		EF1C60BC2C6A6FD1000F29E2 /* ContentView.swift in Sources */ = {isa = PBXBuildFile; fileRef = EF1C60BB2C6A6FD1000F29E2 /* ContentView.swift */; };
		EF1C60BE2C6A6FD2000F29E2 /* Assets.xcassets in Resources */ = {isa = PBXBuildFile; fileRef = EF1C60BD2C6A6FD2000F29E2 /* Assets.xcassets */; };
		EF1C60C12C6A6FD2000F29E2 /* Preview Assets.xcassets in Resources */ = {isa = PBXBuildFile; fileRef = EF1C60C02C6A6FD2000F29E2 /* Preview Assets.xcassets */; };
		EF1C60CB2C6A6FD2000F29E2 /* BoulderBroTests.swift in Sources */ = {isa = PBXBuildFile; fileRef = EF1C60CA2C6A6FD2000F29E2 /* BoulderBroTests.swift */; };
		EF1C60D52C6A6FD2000F29E2 /* BoulderBroUITests.swift in Sources */ = {isa = PBXBuildFile; fileRef = EF1C60D42C6A6FD2000F29E2 /* BoulderBroUITests.swift */; };
		EF1C60D72C6A6FD2000F29E2 /* BoulderBroUITestsLaunchTests.swift in Sources */ = {isa = PBXBuildFile; fileRef = EF1C60D62C6A6FD2000F29E2 /* BoulderBroUITestsLaunchTests.swift */; };
		EF1C60E42C6A7005000F29E2 /* Splash Screen.swift in Sources */ = {isa = PBXBuildFile; fileRef = EF1C60E32C6A7005000F29E2 /* Splash Screen.swift */; };
		EF1C61262C6A9076000F29E2 /* GoogleService-Info.plist in Resources */ = {isa = PBXBuildFile; fileRef = EF1C61252C6A9076000F29E2 /* GoogleService-Info.plist */; };
		EF1C612F2C6B4C74000F29E2 /* HealthKit.framework in Frameworks */ = {isa = PBXBuildFile; fileRef = EF1C612D2C6B4C73000F29E2 /* HealthKit.framework */; };
		EF1C61302C6B4C74000F29E2 /* HealthKitUI.framework in Frameworks */ = {isa = PBXBuildFile; fileRef = EF1C612E2C6B4C74000F29E2 /* HealthKitUI.framework */; };
		EFA16F432C6D759A00D7301E /* FirebaseAnalytics in Frameworks */ = {isa = PBXBuildFile; productRef = EFA16F422C6D759A00D7301E /* FirebaseAnalytics */; };
		EFA16F452C6D759A00D7301E /* FirebaseAnalyticsOnDeviceConversion in Frameworks */ = {isa = PBXBuildFile; productRef = EFA16F442C6D759A00D7301E /* FirebaseAnalyticsOnDeviceConversion */; };
		EFA16F472C6D759A00D7301E /* FirebaseAnalyticsWithoutAdIdSupport in Frameworks */ = {isa = PBXBuildFile; productRef = EFA16F462C6D759A00D7301E /* FirebaseAnalyticsWithoutAdIdSupport */; };
		EFA16F492C6D759A00D7301E /* FirebaseAppCheck in Frameworks */ = {isa = PBXBuildFile; productRef = EFA16F482C6D759A00D7301E /* FirebaseAppCheck */; };
		EFA16F4B2C6D759A00D7301E /* FirebaseAppDistribution-Beta in Frameworks */ = {isa = PBXBuildFile; productRef = EFA16F4A2C6D759A00D7301E /* FirebaseAppDistribution-Beta */; };
		EFA16F4D2C6D759A00D7301E /* FirebaseAuth in Frameworks */ = {isa = PBXBuildFile; productRef = EFA16F4C2C6D759A00D7301E /* FirebaseAuth */; };
		EFA16F4F2C6D759A00D7301E /* FirebaseAuthCombine-Community in Frameworks */ = {isa = PBXBuildFile; productRef = EFA16F4E2C6D759A00D7301E /* FirebaseAuthCombine-Community */; };
		EFA16F512C6D759A00D7301E /* FirebaseCrashlytics in Frameworks */ = {isa = PBXBuildFile; productRef = EFA16F502C6D759A00D7301E /* FirebaseCrashlytics */; };
		EFA16F532C6D759A00D7301E /* FirebaseDatabase in Frameworks */ = {isa = PBXBuildFile; productRef = EFA16F522C6D759A00D7301E /* FirebaseDatabase */; };
		EFA16F552C6D759A00D7301E /* FirebaseDynamicLinks in Frameworks */ = {isa = PBXBuildFile; productRef = EFA16F542C6D759A00D7301E /* FirebaseDynamicLinks */; };
		EFA16F572C6D759A00D7301E /* FirebaseFirestore in Frameworks */ = {isa = PBXBuildFile; productRef = EFA16F562C6D759A00D7301E /* FirebaseFirestore */; };
		EFA16F592C6D759A00D7301E /* FirebaseFirestoreCombine-Community in Frameworks */ = {isa = PBXBuildFile; productRef = EFA16F582C6D759A00D7301E /* FirebaseFirestoreCombine-Community */; };
		EFA16F5B2C6D759A00D7301E /* FirebaseFunctions in Frameworks */ = {isa = PBXBuildFile; productRef = EFA16F5A2C6D759A00D7301E /* FirebaseFunctions */; };
		EFA16F5D2C6D759A00D7301E /* FirebaseFunctionsCombine-Community in Frameworks */ = {isa = PBXBuildFile; productRef = EFA16F5C2C6D759A00D7301E /* FirebaseFunctionsCombine-Community */; };
		EFA16F5F2C6D759A00D7301E /* FirebaseInAppMessaging-Beta in Frameworks */ = {isa = PBXBuildFile; productRef = EFA16F5E2C6D759A00D7301E /* FirebaseInAppMessaging-Beta */; };
		EFA16F612C6D759A00D7301E /* FirebaseInstallations in Frameworks */ = {isa = PBXBuildFile; productRef = EFA16F602C6D759A00D7301E /* FirebaseInstallations */; };
		EFA16F632C6D759A00D7301E /* FirebaseMessaging in Frameworks */ = {isa = PBXBuildFile; productRef = EFA16F622C6D759A00D7301E /* FirebaseMessaging */; };
		EFA16F652C6D759A00D7301E /* FirebaseMLModelDownloader in Frameworks */ = {isa = PBXBuildFile; productRef = EFA16F642C6D759A00D7301E /* FirebaseMLModelDownloader */; };
		EFA16F672C6D759A00D7301E /* FirebasePerformance in Frameworks */ = {isa = PBXBuildFile; productRef = EFA16F662C6D759A00D7301E /* FirebasePerformance */; };
		EFA16F692C6D759A00D7301E /* FirebaseRemoteConfig in Frameworks */ = {isa = PBXBuildFile; productRef = EFA16F682C6D759A00D7301E /* FirebaseRemoteConfig */; };
		EFA16F6B2C6D759A00D7301E /* FirebaseStorage in Frameworks */ = {isa = PBXBuildFile; productRef = EFA16F6A2C6D759A00D7301E /* FirebaseStorage */; };
		EFA16F6D2C6D759A00D7301E /* FirebaseStorageCombine-Community in Frameworks */ = {isa = PBXBuildFile; productRef = EFA16F6C2C6D759A00D7301E /* FirebaseStorageCombine-Community */; };
		EFA16F6F2C6D759A00D7301E /* FirebaseVertexAI-Preview in Frameworks */ = {isa = PBXBuildFile; productRef = EFA16F6E2C6D759A00D7301E /* FirebaseVertexAI-Preview */; };
		EFBA26CE2C6EAD2700CD85F6 /* InputView.swift in Sources */ = {isa = PBXBuildFile; fileRef = EFBA26CD2C6EAD2700CD85F6 /* InputView.swift */; };
		EFBA26D02C6EBA0000CD85F6 /* RegisterView.swift in Sources */ = {isa = PBXBuildFile; fileRef = EFBA26CF2C6EBA0000CD85F6 /* RegisterView.swift */; };
		EFBA26D22C6EBC6700CD85F6 /* ProfileView.swift in Sources */ = {isa = PBXBuildFile; fileRef = EFBA26D12C6EBC6700CD85F6 /* ProfileView.swift */; };
		EFBA26D42C6EBDE600CD85F6 /* SettingsRowView.swift in Sources */ = {isa = PBXBuildFile; fileRef = EFBA26D32C6EBDE600CD85F6 /* SettingsRowView.swift */; };
		EFBA26D62C6EC13100CD85F6 /* User.swift in Sources */ = {isa = PBXBuildFile; fileRef = EFBA26D52C6EC13100CD85F6 /* User.swift */; };
		EFBA26D82C6F70F200CD85F6 /* AuthViewModel.swift in Sources */ = {isa = PBXBuildFile; fileRef = EFBA26D72C6F70F200CD85F6 /* AuthViewModel.swift */; };
		EFBA26DC2C708A4A00CD85F6 /* CustomMenu.swift in Sources */ = {isa = PBXBuildFile; fileRef = EFBA26DB2C708A4A00CD85F6 /* CustomMenu.swift */; };
		EFBA26DF2C70971200CD85F6 /* FitnessTabView.swift in Sources */ = {isa = PBXBuildFile; fileRef = EFBA26DE2C70971200CD85F6 /* FitnessTabView.swift */; };
		EFBA26E12C7097A200CD85F6 /* FitnessHome.swift in Sources */ = {isa = PBXBuildFile; fileRef = EFBA26E02C7097A200CD85F6 /* FitnessHome.swift */; };
		EFBA26E32C7098F800CD85F6 /* HistoricDataView.swift in Sources */ = {isa = PBXBuildFile; fileRef = EFBA26E22C7098F800CD85F6 /* HistoricDataView.swift */; };
		EFBA26E52C70A09200CD85F6 /* ProgressCircleView.swift in Sources */ = {isa = PBXBuildFile; fileRef = EFBA26E42C70A09200CD85F6 /* ProgressCircleView.swift */; };
		EFBA26E72C70B6D400CD85F6 /* ActivityCard.swift in Sources */ = {isa = PBXBuildFile; fileRef = EFBA26E62C70B6D400CD85F6 /* ActivityCard.swift */; };
		EFBA26E92C70D6FC00CD85F6 /* WorkoutCard.swift in Sources */ = {isa = PBXBuildFile; fileRef = EFBA26E82C70D6FC00CD85F6 /* WorkoutCard.swift */; };
		EFBA26EB2C70E02A00CD85F6 /* FitnessHomeViewModel.swift in Sources */ = {isa = PBXBuildFile; fileRef = EFBA26EA2C70E02A00CD85F6 /* FitnessHomeViewModel.swift */; };
		EFBA26F02C70E0F900CD85F6 /* Activity.swift in Sources */ = {isa = PBXBuildFile; fileRef = EFBA26EF2C70E0F900CD85F6 /* Activity.swift */; };
		EFBA26F22C70E12F00CD85F6 /* Workout.swift in Sources */ = {isa = PBXBuildFile; fileRef = EFBA26F12C70E12F00CD85F6 /* Workout.swift */; };
		EFBA26F42C72279300CD85F6 /* HealthManager.swift in Sources */ = {isa = PBXBuildFile; fileRef = EFBA26F32C72279300CD85F6 /* HealthManager.swift */; };
		EFBA26F92C72785000CD85F6 /* HKWorkoutTypeActivityType+Ext.swift in Sources */ = {isa = PBXBuildFile; fileRef = EFBA26F82C72785000CD85F6 /* HKWorkoutTypeActivityType+Ext.swift */; };
		EFC7CFDC2C6E2F1E002D5F78 /* Home.swift in Sources */ = {isa = PBXBuildFile; fileRef = EFC7CFDB2C6E2F1E002D5F78 /* Home.swift */; };
		EFC7CFE32C6E657A002D5F78 /* Kurdis-ExtraWideBold.otf in Resources */ = {isa = PBXBuildFile; fileRef = EFC7CFE22C6E657A002D5F78 /* Kurdis-ExtraWideBold.otf */; };
		EFC7CFE42C6E657A002D5F78 /* Kurdis-ExtraWideBold.otf in Resources */ = {isa = PBXBuildFile; fileRef = EFC7CFE22C6E657A002D5F78 /* Kurdis-ExtraWideBold.otf */; };
		EFC7CFE52C6E657A002D5F78 /* Kurdis-ExtraWideBold.otf in Resources */ = {isa = PBXBuildFile; fileRef = EFC7CFE22C6E657A002D5F78 /* Kurdis-ExtraWideBold.otf */; };
		EFC7CFE72C6E663F002D5F78 /* Kurdis-ExtraWideBlack.otf in Resources */ = {isa = PBXBuildFile; fileRef = EFC7CFE62C6E663F002D5F78 /* Kurdis-ExtraWideBlack.otf */; };
		EFC7CFE82C6E663F002D5F78 /* Kurdis-ExtraWideBlack.otf in Resources */ = {isa = PBXBuildFile; fileRef = EFC7CFE62C6E663F002D5F78 /* Kurdis-ExtraWideBlack.otf */; };
		EFC7CFE92C6E663F002D5F78 /* Kurdis-ExtraWideBlack.otf in Resources */ = {isa = PBXBuildFile; fileRef = EFC7CFE62C6E663F002D5F78 /* Kurdis-ExtraWideBlack.otf */; };
		EFC7CFEB2C6E6775002D5F78 /* Kurdis-Regular.otf in Resources */ = {isa = PBXBuildFile; fileRef = EFC7CFEA2C6E6775002D5F78 /* Kurdis-Regular.otf */; };
		EFC7CFEC2C6E6775002D5F78 /* Kurdis-Regular.otf in Resources */ = {isa = PBXBuildFile; fileRef = EFC7CFEA2C6E6775002D5F78 /* Kurdis-Regular.otf */; };
		EFC7CFED2C6E6775002D5F78 /* Kurdis-Regular.otf in Resources */ = {isa = PBXBuildFile; fileRef = EFC7CFEA2C6E6775002D5F78 /* Kurdis-Regular.otf */; };
		EFC7D01C2C6EA6EC002D5F78 /* GoogleSignIn in Frameworks */ = {isa = PBXBuildFile; productRef = EFC7D01B2C6EA6EC002D5F78 /* GoogleSignIn */; };
		EFC7D01E2C6EA6EC002D5F78 /* GoogleSignInSwift in Frameworks */ = {isa = PBXBuildFile; productRef = EFC7D01D2C6EA6EC002D5F78 /* GoogleSignInSwift */; };
/* End PBXBuildFile section */

/* Begin PBXContainerItemProxy section */
		EF1C60C72C6A6FD2000F29E2 /* PBXContainerItemProxy */ = {
			isa = PBXContainerItemProxy;
			containerPortal = EF1C60AE2C6A6FD1000F29E2 /* Project object */;
			proxyType = 1;
			remoteGlobalIDString = EF1C60B52C6A6FD1000F29E2;
			remoteInfo = BoulderBro;
		};
		EF1C60D12C6A6FD2000F29E2 /* PBXContainerItemProxy */ = {
			isa = PBXContainerItemProxy;
			containerPortal = EF1C60AE2C6A6FD1000F29E2 /* Project object */;
			proxyType = 1;
			remoteGlobalIDString = EF1C60B52C6A6FD1000F29E2;
			remoteInfo = BoulderBro;
		};
/* End PBXContainerItemProxy section */

/* Begin PBXFileReference section */
		EF1775D32C6EABCC00EEAEF7 /* LogInView.swift */ = {isa = PBXFileReference; lastKnownFileType = sourcecode.swift; path = LogInView.swift; sourceTree = "<group>"; };
		EF1C60B62C6A6FD1000F29E2 /* BoulderBro.app */ = {isa = PBXFileReference; explicitFileType = wrapper.application; includeInIndex = 0; path = BoulderBro.app; sourceTree = BUILT_PRODUCTS_DIR; };
		EF1C60B92C6A6FD1000F29E2 /* BoulderBroApp.swift */ = {isa = PBXFileReference; lastKnownFileType = sourcecode.swift; path = BoulderBroApp.swift; sourceTree = "<group>"; };
		EF1C60BB2C6A6FD1000F29E2 /* ContentView.swift */ = {isa = PBXFileReference; lastKnownFileType = sourcecode.swift; path = ContentView.swift; sourceTree = "<group>"; };
		EF1C60BD2C6A6FD2000F29E2 /* Assets.xcassets */ = {isa = PBXFileReference; lastKnownFileType = folder.assetcatalog; path = Assets.xcassets; sourceTree = "<group>"; };
		EF1C60C02C6A6FD2000F29E2 /* Preview Assets.xcassets */ = {isa = PBXFileReference; lastKnownFileType = folder.assetcatalog; path = "Preview Assets.xcassets"; sourceTree = "<group>"; };
		EF1C60C62C6A6FD2000F29E2 /* BoulderBroTests.xctest */ = {isa = PBXFileReference; explicitFileType = wrapper.cfbundle; includeInIndex = 0; path = BoulderBroTests.xctest; sourceTree = BUILT_PRODUCTS_DIR; };
		EF1C60CA2C6A6FD2000F29E2 /* BoulderBroTests.swift */ = {isa = PBXFileReference; lastKnownFileType = sourcecode.swift; path = BoulderBroTests.swift; sourceTree = "<group>"; };
		EF1C60D02C6A6FD2000F29E2 /* BoulderBroUITests.xctest */ = {isa = PBXFileReference; explicitFileType = wrapper.cfbundle; includeInIndex = 0; path = BoulderBroUITests.xctest; sourceTree = BUILT_PRODUCTS_DIR; };
		EF1C60D42C6A6FD2000F29E2 /* BoulderBroUITests.swift */ = {isa = PBXFileReference; lastKnownFileType = sourcecode.swift; path = BoulderBroUITests.swift; sourceTree = "<group>"; };
		EF1C60D62C6A6FD2000F29E2 /* BoulderBroUITestsLaunchTests.swift */ = {isa = PBXFileReference; lastKnownFileType = sourcecode.swift; path = BoulderBroUITestsLaunchTests.swift; sourceTree = "<group>"; };
		EF1C60E32C6A7005000F29E2 /* Splash Screen.swift */ = {isa = PBXFileReference; lastKnownFileType = sourcecode.swift; path = "Splash Screen.swift"; sourceTree = "<group>"; };
		EF1C61252C6A9076000F29E2 /* GoogleService-Info.plist */ = {isa = PBXFileReference; fileEncoding = 4; lastKnownFileType = text.plist.xml; path = "GoogleService-Info.plist"; sourceTree = "<group>"; };
		EF1C612D2C6B4C73000F29E2 /* HealthKit.framework */ = {isa = PBXFileReference; lastKnownFileType = wrapper.framework; name = HealthKit.framework; path = System/Library/Frameworks/HealthKit.framework; sourceTree = SDKROOT; };
		EF1C612E2C6B4C74000F29E2 /* HealthKitUI.framework */ = {isa = PBXFileReference; lastKnownFileType = wrapper.framework; name = HealthKitUI.framework; path = System/Library/Frameworks/HealthKitUI.framework; sourceTree = SDKROOT; };
		EF1C61312C6B539E000F29E2 /* Info.plist */ = {isa = PBXFileReference; lastKnownFileType = text.plist.xml; path = Info.plist; sourceTree = "<group>"; };
		EFBA26CD2C6EAD2700CD85F6 /* InputView.swift */ = {isa = PBXFileReference; lastKnownFileType = sourcecode.swift; path = InputView.swift; sourceTree = "<group>"; };
		EFBA26CF2C6EBA0000CD85F6 /* RegisterView.swift */ = {isa = PBXFileReference; lastKnownFileType = sourcecode.swift; path = RegisterView.swift; sourceTree = "<group>"; };
		EFBA26D12C6EBC6700CD85F6 /* ProfileView.swift */ = {isa = PBXFileReference; lastKnownFileType = sourcecode.swift; path = ProfileView.swift; sourceTree = "<group>"; };
		EFBA26D32C6EBDE600CD85F6 /* SettingsRowView.swift */ = {isa = PBXFileReference; lastKnownFileType = sourcecode.swift; path = SettingsRowView.swift; sourceTree = "<group>"; };
		EFBA26D52C6EC13100CD85F6 /* User.swift */ = {isa = PBXFileReference; lastKnownFileType = sourcecode.swift; path = User.swift; sourceTree = "<group>"; };
		EFBA26D72C6F70F200CD85F6 /* AuthViewModel.swift */ = {isa = PBXFileReference; lastKnownFileType = sourcecode.swift; path = AuthViewModel.swift; sourceTree = "<group>"; };
		EFBA26DB2C708A4A00CD85F6 /* CustomMenu.swift */ = {isa = PBXFileReference; lastKnownFileType = sourcecode.swift; path = CustomMenu.swift; sourceTree = "<group>"; };
		EFBA26DE2C70971200CD85F6 /* FitnessTabView.swift */ = {isa = PBXFileReference; lastKnownFileType = sourcecode.swift; path = FitnessTabView.swift; sourceTree = "<group>"; };
		EFBA26E02C7097A200CD85F6 /* FitnessHome.swift */ = {isa = PBXFileReference; lastKnownFileType = sourcecode.swift; path = FitnessHome.swift; sourceTree = "<group>"; };
		EFBA26E22C7098F800CD85F6 /* HistoricDataView.swift */ = {isa = PBXFileReference; lastKnownFileType = sourcecode.swift; path = HistoricDataView.swift; sourceTree = "<group>"; };
		EFBA26E42C70A09200CD85F6 /* ProgressCircleView.swift */ = {isa = PBXFileReference; lastKnownFileType = sourcecode.swift; path = ProgressCircleView.swift; sourceTree = "<group>"; };
		EFBA26E62C70B6D400CD85F6 /* ActivityCard.swift */ = {isa = PBXFileReference; lastKnownFileType = sourcecode.swift; path = ActivityCard.swift; sourceTree = "<group>"; };
		EFBA26E82C70D6FC00CD85F6 /* WorkoutCard.swift */ = {isa = PBXFileReference; lastKnownFileType = sourcecode.swift; path = WorkoutCard.swift; sourceTree = "<group>"; };
		EFBA26EA2C70E02A00CD85F6 /* FitnessHomeViewModel.swift */ = {isa = PBXFileReference; lastKnownFileType = sourcecode.swift; path = FitnessHomeViewModel.swift; sourceTree = "<group>"; };
		EFBA26EF2C70E0F900CD85F6 /* Activity.swift */ = {isa = PBXFileReference; lastKnownFileType = sourcecode.swift; path = Activity.swift; sourceTree = "<group>"; };
		EFBA26F12C70E12F00CD85F6 /* Workout.swift */ = {isa = PBXFileReference; lastKnownFileType = sourcecode.swift; path = Workout.swift; sourceTree = "<group>"; };
		EFBA26F32C72279300CD85F6 /* HealthManager.swift */ = {isa = PBXFileReference; lastKnownFileType = sourcecode.swift; path = HealthManager.swift; sourceTree = "<group>"; };
		EFBA26F62C72562100CD85F6 /* BoulderBro.entitlements */ = {isa = PBXFileReference; lastKnownFileType = text.plist.entitlements; path = BoulderBro.entitlements; sourceTree = "<group>"; };
		EFBA26F82C72785000CD85F6 /* HKWorkoutTypeActivityType+Ext.swift */ = {isa = PBXFileReference; lastKnownFileType = sourcecode.swift; path = "HKWorkoutTypeActivityType+Ext.swift"; sourceTree = "<group>"; };
		EFC7CFDB2C6E2F1E002D5F78 /* Home.swift */ = {isa = PBXFileReference; lastKnownFileType = sourcecode.swift; path = Home.swift; sourceTree = "<group>"; };
		EFC7CFE22C6E657A002D5F78 /* Kurdis-ExtraWideBold.otf */ = {isa = PBXFileReference; lastKnownFileType = file; path = "Kurdis-ExtraWideBold.otf"; sourceTree = "<group>"; };
		EFC7CFE62C6E663F002D5F78 /* Kurdis-ExtraWideBlack.otf */ = {isa = PBXFileReference; lastKnownFileType = file; path = "Kurdis-ExtraWideBlack.otf"; sourceTree = "<group>"; };
		EFC7CFEA2C6E6775002D5F78 /* Kurdis-Regular.otf */ = {isa = PBXFileReference; lastKnownFileType = file; path = "Kurdis-Regular.otf"; sourceTree = "<group>"; };
/* End PBXFileReference section */

/* Begin PBXFrameworksBuildPhase section */
		EF1C60B32C6A6FD1000F29E2 /* Frameworks */ = {
			isa = PBXFrameworksBuildPhase;
			buildActionMask = 2147483647;
			files = (
				EFA16F4B2C6D759A00D7301E /* FirebaseAppDistribution-Beta in Frameworks */,
				EFA16F572C6D759A00D7301E /* FirebaseFirestore in Frameworks */,
				EFA16F4F2C6D759A00D7301E /* FirebaseAuthCombine-Community in Frameworks */,
				EFC7D01C2C6EA6EC002D5F78 /* GoogleSignIn in Frameworks */,
				EFA16F612C6D759A00D7301E /* FirebaseInstallations in Frameworks */,
				EF1C61302C6B4C74000F29E2 /* HealthKitUI.framework in Frameworks */,
				EFA16F6F2C6D759A00D7301E /* FirebaseVertexAI-Preview in Frameworks */,
				EFA16F472C6D759A00D7301E /* FirebaseAnalyticsWithoutAdIdSupport in Frameworks */,
				EFA16F5F2C6D759A00D7301E /* FirebaseInAppMessaging-Beta in Frameworks */,
				EFC7D01E2C6EA6EC002D5F78 /* GoogleSignInSwift in Frameworks */,
				EFA16F652C6D759A00D7301E /* FirebaseMLModelDownloader in Frameworks */,
				EF1C612F2C6B4C74000F29E2 /* HealthKit.framework in Frameworks */,
				EFA16F632C6D759A00D7301E /* FirebaseMessaging in Frameworks */,
				EFA16F6D2C6D759A00D7301E /* FirebaseStorageCombine-Community in Frameworks */,
				EFA16F432C6D759A00D7301E /* FirebaseAnalytics in Frameworks */,
				EFA16F6B2C6D759A00D7301E /* FirebaseStorage in Frameworks */,
				EFA16F692C6D759A00D7301E /* FirebaseRemoteConfig in Frameworks */,
				EFA16F5D2C6D759A00D7301E /* FirebaseFunctionsCombine-Community in Frameworks */,
				EFA16F492C6D759A00D7301E /* FirebaseAppCheck in Frameworks */,
				EFA16F512C6D759A00D7301E /* FirebaseCrashlytics in Frameworks */,
				EFA16F672C6D759A00D7301E /* FirebasePerformance in Frameworks */,
				EFA16F532C6D759A00D7301E /* FirebaseDatabase in Frameworks */,
				EFA16F452C6D759A00D7301E /* FirebaseAnalyticsOnDeviceConversion in Frameworks */,
				EFA16F4D2C6D759A00D7301E /* FirebaseAuth in Frameworks */,
				EFA16F5B2C6D759A00D7301E /* FirebaseFunctions in Frameworks */,
				EFA16F552C6D759A00D7301E /* FirebaseDynamicLinks in Frameworks */,
				EFA16F592C6D759A00D7301E /* FirebaseFirestoreCombine-Community in Frameworks */,
			);
			runOnlyForDeploymentPostprocessing = 0;
		};
		EF1C60C32C6A6FD2000F29E2 /* Frameworks */ = {
			isa = PBXFrameworksBuildPhase;
			buildActionMask = 2147483647;
			files = (
			);
			runOnlyForDeploymentPostprocessing = 0;
		};
		EF1C60CD2C6A6FD2000F29E2 /* Frameworks */ = {
			isa = PBXFrameworksBuildPhase;
			buildActionMask = 2147483647;
			files = (
			);
			runOnlyForDeploymentPostprocessing = 0;
		};
/* End PBXFrameworksBuildPhase section */

/* Begin PBXGroup section */
		EF05A7D22C6D772F001A80D3 /* Authentication */ = {
			isa = PBXGroup;
			children = (
				EF1775D32C6EABCC00EEAEF7 /* LogInView.swift */,
				EFBA26CF2C6EBA0000CD85F6 /* RegisterView.swift */,
			);
			path = Authentication;
			sourceTree = "<group>";
		};
		EF1775CD2C6EAAF900EEAEF7 /* Components */ = {
			isa = PBXGroup;
			children = (
				EF1775CF2C6EAB3C00EEAEF7 /* Core */,
				EFBA26CD2C6EAD2700CD85F6 /* InputView.swift */,
				EFBA26D32C6EBDE600CD85F6 /* SettingsRowView.swift */,
				EFBA26DB2C708A4A00CD85F6 /* CustomMenu.swift */,
				EFBA26E62C70B6D400CD85F6 /* ActivityCard.swift */,
				EFBA26E82C70D6FC00CD85F6 /* WorkoutCard.swift */,
			);
			path = Components;
			sourceTree = "<group>";
		};
		EF1775CE2C6EAB2100EEAEF7 /* ViewModels */ = {
			isa = PBXGroup;
			children = (
				EFBA26D72C6F70F200CD85F6 /* AuthViewModel.swift */,
			);
			path = ViewModels;
			sourceTree = "<group>";
		};
		EF1775CF2C6EAB3C00EEAEF7 /* Core */ = {
			isa = PBXGroup;
			children = (
			);
			path = Core;
			sourceTree = "<group>";
		};
		EF1775D02C6EAB6E00EEAEF7 /* Core */ = {
			isa = PBXGroup;
			children = (
				EF05A7D22C6D772F001A80D3 /* Authentication */,
				EF1775D22C6EABB500EEAEF7 /* Profile */,
				EF1775D12C6EAB9E00EEAEF7 /* Root */,
			);
			path = Core;
			sourceTree = "<group>";
		};
		EF1775D12C6EAB9E00EEAEF7 /* Root */ = {
			isa = PBXGroup;
			children = (
			);
			path = Root;
			sourceTree = "<group>";
		};
		EF1775D22C6EABB500EEAEF7 /* Profile */ = {
			isa = PBXGroup;
			children = (
				EFBA26D12C6EBC6700CD85F6 /* ProfileView.swift */,
			);
			path = Profile;
			sourceTree = "<group>";
		};
		EF1C60AD2C6A6FD1000F29E2 = {
			isa = PBXGroup;
			children = (
				EF1C60B82C6A6FD1000F29E2 /* BoulderBro */,
				EF1C60C92C6A6FD2000F29E2 /* BoulderBroTests */,
				EF1C60D32C6A6FD2000F29E2 /* BoulderBroUITests */,
				EF1C60B72C6A6FD1000F29E2 /* Products */,
				EF1C60F62C6A905C000F29E2 /* Frameworks */,
			);
			sourceTree = "<group>";
		};
		EF1C60B72C6A6FD1000F29E2 /* Products */ = {
			isa = PBXGroup;
			children = (
				EF1C60B62C6A6FD1000F29E2 /* BoulderBro.app */,
				EF1C60C62C6A6FD2000F29E2 /* BoulderBroTests.xctest */,
				EF1C60D02C6A6FD2000F29E2 /* BoulderBroUITests.xctest */,
			);
			name = Products;
			sourceTree = "<group>";
		};
		EF1C60B82C6A6FD1000F29E2 /* BoulderBro */ = {
			isa = PBXGroup;
			children = (
				EFBA26F72C72783200CD85F6 /* Utils */,
				EFBA26F62C72562100CD85F6 /* BoulderBro.entitlements */,
				EFBA26F52C72281400CD85F6 /* Managers */,
				EF1C60ED2C6A8AB9000F29E2 /* App */,
				EF1775CD2C6EAAF900EEAEF7 /* Components */,
				EF1775D02C6EAB6E00EEAEF7 /* Core */,
				EF1C61312C6B539E000F29E2 /* Info.plist */,
				EFBA26DD2C7096F900CD85F6 /* Fitness Building */,
				EF1C60F22C6A8F0C000F29E2 /* Model */,
				EF1C60BD2C6A6FD2000F29E2 /* Assets.xcassets */,
				EF1C60BF2C6A6FD2000F29E2 /* Preview Content */,
				EFA16F382C6D735E00D7301E /* Supporting */,
			);
			path = BoulderBro;
			sourceTree = "<group>";
		};
		EF1C60BF2C6A6FD2000F29E2 /* Preview Content */ = {
			isa = PBXGroup;
			children = (
				EF1C60BB2C6A6FD1000F29E2 /* ContentView.swift */,
				EF1C60C02C6A6FD2000F29E2 /* Preview Assets.xcassets */,
			);
			path = "Preview Content";
			sourceTree = "<group>";
		};
		EF1C60C92C6A6FD2000F29E2 /* BoulderBroTests */ = {
			isa = PBXGroup;
			children = (
				EF1C60CA2C6A6FD2000F29E2 /* BoulderBroTests.swift */,
			);
			path = BoulderBroTests;
			sourceTree = "<group>";
		};
		EF1C60D32C6A6FD2000F29E2 /* BoulderBroUITests */ = {
			isa = PBXGroup;
			children = (
				EF1C60D42C6A6FD2000F29E2 /* BoulderBroUITests.swift */,
				EF1C60D62C6A6FD2000F29E2 /* BoulderBroUITestsLaunchTests.swift */,
			);
			path = BoulderBroUITests;
			sourceTree = "<group>";
		};
		EF1C60ED2C6A8AB9000F29E2 /* App */ = {
			isa = PBXGroup;
			children = (
				EF1C60B92C6A6FD1000F29E2 /* BoulderBroApp.swift */,
				EFC7CFDD2C6E614B002D5F78 /* Font */,
			);
			path = App;
			sourceTree = "<group>";
		};
		EF1C60F22C6A8F0C000F29E2 /* Model */ = {
			isa = PBXGroup;
			children = (
				EF1775CE2C6EAB2100EEAEF7 /* ViewModels */,
				EF1C60E32C6A7005000F29E2 /* Splash Screen.swift */,
				EFC7CFDB2C6E2F1E002D5F78 /* Home.swift */,
				EFBA26D52C6EC13100CD85F6 /* User.swift */,
			);
			path = Model;
			sourceTree = "<group>";
		};
		EF1C60F62C6A905C000F29E2 /* Frameworks */ = {
			isa = PBXGroup;
			children = (
				EF1C612D2C6B4C73000F29E2 /* HealthKit.framework */,
				EF1C612E2C6B4C74000F29E2 /* HealthKitUI.framework */,
			);
			name = Frameworks;
			sourceTree = "<group>";
		};
		EFA16F382C6D735E00D7301E /* Supporting */ = {
			isa = PBXGroup;
			children = (
				EF1C61252C6A9076000F29E2 /* GoogleService-Info.plist */,
			);
			path = Supporting;
			sourceTree = "<group>";
		};
		EFBA26DD2C7096F900CD85F6 /* Fitness Building */ = {
			isa = PBXGroup;
			children = (
				EFBA26EE2C70E0AA00CD85F6 /* FitnessViewModels */,
				EFBA26ED2C70E09F00CD85F6 /* FitnessModels */,
				EFBA26EC2C70E09200CD85F6 /* FitnessViews */,
			);
			path = "Fitness Building";
			sourceTree = "<group>";
		};
		EFBA26EC2C70E09200CD85F6 /* FitnessViews */ = {
			isa = PBXGroup;
			children = (
				EFBA26E02C7097A200CD85F6 /* FitnessHome.swift */,
				EFBA26E42C70A09200CD85F6 /* ProgressCircleView.swift */,
				EFBA26DE2C70971200CD85F6 /* FitnessTabView.swift */,
				EFBA26E22C7098F800CD85F6 /* HistoricDataView.swift */,
			);
			path = FitnessViews;
			sourceTree = "<group>";
		};
		EFBA26ED2C70E09F00CD85F6 /* FitnessModels */ = {
			isa = PBXGroup;
			children = (
				EFBA26F12C70E12F00CD85F6 /* Workout.swift */,
				EFBA26EF2C70E0F900CD85F6 /* Activity.swift */,
			);
			path = FitnessModels;
			sourceTree = "<group>";
		};
		EFBA26EE2C70E0AA00CD85F6 /* FitnessViewModels */ = {
			isa = PBXGroup;
			children = (
				EFBA26EA2C70E02A00CD85F6 /* FitnessHomeViewModel.swift */,
			);
			path = FitnessViewModels;
			sourceTree = "<group>";
		};
		EFBA26F52C72281400CD85F6 /* Managers */ = {
			isa = PBXGroup;
			children = (
				EFBA26F32C72279300CD85F6 /* HealthManager.swift */,
			);
			path = Managers;
			sourceTree = "<group>";
		};
		EFBA26F72C72783200CD85F6 /* Utils */ = {
			isa = PBXGroup;
			children = (
				EFBA26F82C72785000CD85F6 /* HKWorkoutTypeActivityType+Ext.swift */,
			);
			path = Utils;
			sourceTree = "<group>";
		};
		EFC7CFDD2C6E614B002D5F78 /* Font */ = {
			isa = PBXGroup;
			children = (
				EFC7CFE22C6E657A002D5F78 /* Kurdis-ExtraWideBold.otf */,
				EFC7CFE62C6E663F002D5F78 /* Kurdis-ExtraWideBlack.otf */,
				EFC7CFEA2C6E6775002D5F78 /* Kurdis-Regular.otf */,
			);
			path = Font;
			sourceTree = "<group>";
		};
/* End PBXGroup section */

/* Begin PBXNativeTarget section */
		EF1C60B52C6A6FD1000F29E2 /* BoulderBro */ = {
			isa = PBXNativeTarget;
			buildConfigurationList = EF1C60DA2C6A6FD2000F29E2 /* Build configuration list for PBXNativeTarget "BoulderBro" */;
			buildPhases = (
				EF1C60B22C6A6FD1000F29E2 /* Sources */,
				EF1C60B32C6A6FD1000F29E2 /* Frameworks */,
				EF1C60B42C6A6FD1000F29E2 /* Resources */,
			);
			buildRules = (
			);
			dependencies = (
			);
			name = BoulderBro;
			packageProductDependencies = (
				EFA16F422C6D759A00D7301E /* FirebaseAnalytics */,
				EFA16F442C6D759A00D7301E /* FirebaseAnalyticsOnDeviceConversion */,
				EFA16F462C6D759A00D7301E /* FirebaseAnalyticsWithoutAdIdSupport */,
				EFA16F482C6D759A00D7301E /* FirebaseAppCheck */,
				EFA16F4A2C6D759A00D7301E /* FirebaseAppDistribution-Beta */,
				EFA16F4C2C6D759A00D7301E /* FirebaseAuth */,
				EFA16F4E2C6D759A00D7301E /* FirebaseAuthCombine-Community */,
				EFA16F502C6D759A00D7301E /* FirebaseCrashlytics */,
				EFA16F522C6D759A00D7301E /* FirebaseDatabase */,
				EFA16F542C6D759A00D7301E /* FirebaseDynamicLinks */,
				EFA16F562C6D759A00D7301E /* FirebaseFirestore */,
				EFA16F582C6D759A00D7301E /* FirebaseFirestoreCombine-Community */,
				EFA16F5A2C6D759A00D7301E /* FirebaseFunctions */,
				EFA16F5C2C6D759A00D7301E /* FirebaseFunctionsCombine-Community */,
				EFA16F5E2C6D759A00D7301E /* FirebaseInAppMessaging-Beta */,
				EFA16F602C6D759A00D7301E /* FirebaseInstallations */,
				EFA16F622C6D759A00D7301E /* FirebaseMessaging */,
				EFA16F642C6D759A00D7301E /* FirebaseMLModelDownloader */,
				EFA16F662C6D759A00D7301E /* FirebasePerformance */,
				EFA16F682C6D759A00D7301E /* FirebaseRemoteConfig */,
				EFA16F6A2C6D759A00D7301E /* FirebaseStorage */,
				EFA16F6C2C6D759A00D7301E /* FirebaseStorageCombine-Community */,
				EFA16F6E2C6D759A00D7301E /* FirebaseVertexAI-Preview */,
				EFC7D01B2C6EA6EC002D5F78 /* GoogleSignIn */,
				EFC7D01D2C6EA6EC002D5F78 /* GoogleSignInSwift */,
			);
			productName = BoulderBro;
			productReference = EF1C60B62C6A6FD1000F29E2 /* BoulderBro.app */;
			productType = "com.apple.product-type.application";
		};
		EF1C60C52C6A6FD2000F29E2 /* BoulderBroTests */ = {
			isa = PBXNativeTarget;
			buildConfigurationList = EF1C60DD2C6A6FD2000F29E2 /* Build configuration list for PBXNativeTarget "BoulderBroTests" */;
			buildPhases = (
				EF1C60C22C6A6FD2000F29E2 /* Sources */,
				EF1C60C32C6A6FD2000F29E2 /* Frameworks */,
				EF1C60C42C6A6FD2000F29E2 /* Resources */,
			);
			buildRules = (
			);
			dependencies = (
				EF1C60C82C6A6FD2000F29E2 /* PBXTargetDependency */,
			);
			name = BoulderBroTests;
			productName = BoulderBroTests;
			productReference = EF1C60C62C6A6FD2000F29E2 /* BoulderBroTests.xctest */;
			productType = "com.apple.product-type.bundle.unit-test";
		};
		EF1C60CF2C6A6FD2000F29E2 /* BoulderBroUITests */ = {
			isa = PBXNativeTarget;
			buildConfigurationList = EF1C60E02C6A6FD2000F29E2 /* Build configuration list for PBXNativeTarget "BoulderBroUITests" */;
			buildPhases = (
				EF1C60CC2C6A6FD2000F29E2 /* Sources */,
				EF1C60CD2C6A6FD2000F29E2 /* Frameworks */,
				EF1C60CE2C6A6FD2000F29E2 /* Resources */,
			);
			buildRules = (
			);
			dependencies = (
				EF1C60D22C6A6FD2000F29E2 /* PBXTargetDependency */,
			);
			name = BoulderBroUITests;
			productName = BoulderBroUITests;
			productReference = EF1C60D02C6A6FD2000F29E2 /* BoulderBroUITests.xctest */;
			productType = "com.apple.product-type.bundle.ui-testing";
		};
/* End PBXNativeTarget section */

/* Begin PBXProject section */
		EF1C60AE2C6A6FD1000F29E2 /* Project object */ = {
			isa = PBXProject;
			attributes = {
				BuildIndependentTargetsInParallel = 1;
				LastSwiftUpdateCheck = 1540;
				LastUpgradeCheck = 1540;
				TargetAttributes = {
					EF1C60B52C6A6FD1000F29E2 = {
						CreatedOnToolsVersion = 15.4;
					};
					EF1C60C52C6A6FD2000F29E2 = {
						CreatedOnToolsVersion = 15.4;
						TestTargetID = EF1C60B52C6A6FD1000F29E2;
					};
					EF1C60CF2C6A6FD2000F29E2 = {
						CreatedOnToolsVersion = 15.4;
						TestTargetID = EF1C60B52C6A6FD1000F29E2;
					};
				};
			};
			buildConfigurationList = EF1C60B12C6A6FD1000F29E2 /* Build configuration list for PBXProject "BoulderBro" */;
			compatibilityVersion = "Xcode 14.0";
			developmentRegion = en;
			hasScannedForEncodings = 0;
			knownRegions = (
				en,
				Base,
			);
			mainGroup = EF1C60AD2C6A6FD1000F29E2;
			packageReferences = (
				EF1C60F52C6A9011000F29E2 /* XCRemoteSwiftPackageReference "firebase-ios-sdk" */,
				EFC7D01A2C6EA6EC002D5F78 /* XCRemoteSwiftPackageReference "GoogleSignIn-iOS" */,
			);
			productRefGroup = EF1C60B72C6A6FD1000F29E2 /* Products */;
			projectDirPath = "";
			projectRoot = "";
			targets = (
				EF1C60B52C6A6FD1000F29E2 /* BoulderBro */,
				EF1C60C52C6A6FD2000F29E2 /* BoulderBroTests */,
				EF1C60CF2C6A6FD2000F29E2 /* BoulderBroUITests */,
			);
		};
/* End PBXProject section */

/* Begin PBXResourcesBuildPhase section */
		EF1C60B42C6A6FD1000F29E2 /* Resources */ = {
			isa = PBXResourcesBuildPhase;
			buildActionMask = 2147483647;
			files = (
				EFC7CFEB2C6E6775002D5F78 /* Kurdis-Regular.otf in Resources */,
				EFC7CFE32C6E657A002D5F78 /* Kurdis-ExtraWideBold.otf in Resources */,
				EF1C60C12C6A6FD2000F29E2 /* Preview Assets.xcassets in Resources */,
				EF1C61262C6A9076000F29E2 /* GoogleService-Info.plist in Resources */,
				EF1C60BE2C6A6FD2000F29E2 /* Assets.xcassets in Resources */,
				EFC7CFE72C6E663F002D5F78 /* Kurdis-ExtraWideBlack.otf in Resources */,
			);
			runOnlyForDeploymentPostprocessing = 0;
		};
		EF1C60C42C6A6FD2000F29E2 /* Resources */ = {
			isa = PBXResourcesBuildPhase;
			buildActionMask = 2147483647;
			files = (
				EFC7CFEC2C6E6775002D5F78 /* Kurdis-Regular.otf in Resources */,
				EFC7CFE42C6E657A002D5F78 /* Kurdis-ExtraWideBold.otf in Resources */,
				EFC7CFE82C6E663F002D5F78 /* Kurdis-ExtraWideBlack.otf in Resources */,
			);
			runOnlyForDeploymentPostprocessing = 0;
		};
		EF1C60CE2C6A6FD2000F29E2 /* Resources */ = {
			isa = PBXResourcesBuildPhase;
			buildActionMask = 2147483647;
			files = (
				EFC7CFED2C6E6775002D5F78 /* Kurdis-Regular.otf in Resources */,
				EFC7CFE52C6E657A002D5F78 /* Kurdis-ExtraWideBold.otf in Resources */,
				EFC7CFE92C6E663F002D5F78 /* Kurdis-ExtraWideBlack.otf in Resources */,
			);
			runOnlyForDeploymentPostprocessing = 0;
		};
/* End PBXResourcesBuildPhase section */

/* Begin PBXSourcesBuildPhase section */
		EF1C60B22C6A6FD1000F29E2 /* Sources */ = {
			isa = PBXSourcesBuildPhase;
			buildActionMask = 2147483647;
			files = (
				EF1775D42C6EABCC00EEAEF7 /* LogInView.swift in Sources */,
				EFBA26D22C6EBC6700CD85F6 /* ProfileView.swift in Sources */,
				EFBA26F42C72279300CD85F6 /* HealthManager.swift in Sources */,
				EFBA26E72C70B6D400CD85F6 /* ActivityCard.swift in Sources */,
				EFBA26D42C6EBDE600CD85F6 /* SettingsRowView.swift in Sources */,
				EFBA26DF2C70971200CD85F6 /* FitnessTabView.swift in Sources */,
				EFBA26E92C70D6FC00CD85F6 /* WorkoutCard.swift in Sources */,
				EFBA26CE2C6EAD2700CD85F6 /* InputView.swift in Sources */,
				EFC7CFDC2C6E2F1E002D5F78 /* Home.swift in Sources */,
				EF1C60E42C6A7005000F29E2 /* Splash Screen.swift in Sources */,
				EFBA26F02C70E0F900CD85F6 /* Activity.swift in Sources */,
				EF1C60BC2C6A6FD1000F29E2 /* ContentView.swift in Sources */,
				EFBA26D02C6EBA0000CD85F6 /* RegisterView.swift in Sources */,
				EFBA26D82C6F70F200CD85F6 /* AuthViewModel.swift in Sources */,
				EFBA26E12C7097A200CD85F6 /* FitnessHome.swift in Sources */,
				EFBA26DC2C708A4A00CD85F6 /* CustomMenu.swift in Sources */,
				EFBA26EB2C70E02A00CD85F6 /* FitnessHomeViewModel.swift in Sources */,
				EFBA26F22C70E12F00CD85F6 /* Workout.swift in Sources */,
				EF1C60BA2C6A6FD1000F29E2 /* BoulderBroApp.swift in Sources */,
				EFBA26E52C70A09200CD85F6 /* ProgressCircleView.swift in Sources */,
				EFBA26F92C72785000CD85F6 /* HKWorkoutTypeActivityType+Ext.swift in Sources */,
				EFBA26E32C7098F800CD85F6 /* HistoricDataView.swift in Sources */,
				EFBA26D62C6EC13100CD85F6 /* User.swift in Sources */,
			);
			runOnlyForDeploymentPostprocessing = 0;
		};
		EF1C60C22C6A6FD2000F29E2 /* Sources */ = {
			isa = PBXSourcesBuildPhase;
			buildActionMask = 2147483647;
			files = (
				EF1C60CB2C6A6FD2000F29E2 /* BoulderBroTests.swift in Sources */,
			);
			runOnlyForDeploymentPostprocessing = 0;
		};
		EF1C60CC2C6A6FD2000F29E2 /* Sources */ = {
			isa = PBXSourcesBuildPhase;
			buildActionMask = 2147483647;
			files = (
				EF1C60D72C6A6FD2000F29E2 /* BoulderBroUITestsLaunchTests.swift in Sources */,
				EF1C60D52C6A6FD2000F29E2 /* BoulderBroUITests.swift in Sources */,
			);
			runOnlyForDeploymentPostprocessing = 0;
		};
/* End PBXSourcesBuildPhase section */

/* Begin PBXTargetDependency section */
		EF1C60C82C6A6FD2000F29E2 /* PBXTargetDependency */ = {
			isa = PBXTargetDependency;
			target = EF1C60B52C6A6FD1000F29E2 /* BoulderBro */;
			targetProxy = EF1C60C72C6A6FD2000F29E2 /* PBXContainerItemProxy */;
		};
		EF1C60D22C6A6FD2000F29E2 /* PBXTargetDependency */ = {
			isa = PBXTargetDependency;
			target = EF1C60B52C6A6FD1000F29E2 /* BoulderBro */;
			targetProxy = EF1C60D12C6A6FD2000F29E2 /* PBXContainerItemProxy */;
		};
/* End PBXTargetDependency section */

/* Begin XCBuildConfiguration section */
		EF1C60D82C6A6FD2000F29E2 /* Debug */ = {
			isa = XCBuildConfiguration;
			buildSettings = {
				ALWAYS_SEARCH_USER_PATHS = NO;
				ASSETCATALOG_COMPILER_GENERATE_SWIFT_ASSET_SYMBOL_EXTENSIONS = YES;
				CLANG_ANALYZER_NONNULL = YES;
				CLANG_ANALYZER_NUMBER_OBJECT_CONVERSION = YES_AGGRESSIVE;
				CLANG_CXX_LANGUAGE_STANDARD = "gnu++20";
				CLANG_ENABLE_MODULES = YES;
				CLANG_ENABLE_OBJC_ARC = YES;
				CLANG_ENABLE_OBJC_WEAK = YES;
				CLANG_WARN_BLOCK_CAPTURE_AUTORELEASING = YES;
				CLANG_WARN_BOOL_CONVERSION = YES;
				CLANG_WARN_COMMA = YES;
				CLANG_WARN_CONSTANT_CONVERSION = YES;
				CLANG_WARN_DEPRECATED_OBJC_IMPLEMENTATIONS = YES;
				CLANG_WARN_DIRECT_OBJC_ISA_USAGE = YES_ERROR;
				CLANG_WARN_DOCUMENTATION_COMMENTS = YES;
				CLANG_WARN_EMPTY_BODY = YES;
				CLANG_WARN_ENUM_CONVERSION = YES;
				CLANG_WARN_INFINITE_RECURSION = YES;
				CLANG_WARN_INT_CONVERSION = YES;
				CLANG_WARN_NON_LITERAL_NULL_CONVERSION = YES;
				CLANG_WARN_OBJC_IMPLICIT_RETAIN_SELF = YES;
				CLANG_WARN_OBJC_LITERAL_CONVERSION = YES;
				CLANG_WARN_OBJC_ROOT_CLASS = YES_ERROR;
				CLANG_WARN_QUOTED_INCLUDE_IN_FRAMEWORK_HEADER = YES;
				CLANG_WARN_RANGE_LOOP_ANALYSIS = YES;
				CLANG_WARN_STRICT_PROTOTYPES = YES;
				CLANG_WARN_SUSPICIOUS_MOVE = YES;
				CLANG_WARN_UNGUARDED_AVAILABILITY = YES_AGGRESSIVE;
				CLANG_WARN_UNREACHABLE_CODE = YES;
				CLANG_WARN__DUPLICATE_METHOD_MATCH = YES;
				COPY_PHASE_STRIP = NO;
				DEBUG_INFORMATION_FORMAT = dwarf;
				ENABLE_STRICT_OBJC_MSGSEND = YES;
				ENABLE_TESTABILITY = YES;
				ENABLE_USER_SCRIPT_SANDBOXING = YES;
				GCC_C_LANGUAGE_STANDARD = gnu17;
				GCC_DYNAMIC_NO_PIC = NO;
				GCC_NO_COMMON_BLOCKS = YES;
				GCC_OPTIMIZATION_LEVEL = 0;
				GCC_PREPROCESSOR_DEFINITIONS = (
					"DEBUG=1",
					"$(inherited)",
				);
				GCC_WARN_64_TO_32_BIT_CONVERSION = YES;
				GCC_WARN_ABOUT_RETURN_TYPE = YES_ERROR;
				GCC_WARN_UNDECLARED_SELECTOR = YES;
				GCC_WARN_UNINITIALIZED_AUTOS = YES_AGGRESSIVE;
				GCC_WARN_UNUSED_FUNCTION = YES;
				GCC_WARN_UNUSED_VARIABLE = YES;
				IPHONEOS_DEPLOYMENT_TARGET = 17.5;
				LOCALIZATION_PREFERS_STRING_CATALOGS = YES;
				MTL_ENABLE_DEBUG_INFO = INCLUDE_SOURCE;
				MTL_FAST_MATH = YES;
				ONLY_ACTIVE_ARCH = YES;
				SDKROOT = iphoneos;
				SWIFT_ACTIVE_COMPILATION_CONDITIONS = "DEBUG $(inherited)";
				SWIFT_OPTIMIZATION_LEVEL = "-Onone";
			};
			name = Debug;
		};
		EF1C60D92C6A6FD2000F29E2 /* Release */ = {
			isa = XCBuildConfiguration;
			buildSettings = {
				ALWAYS_SEARCH_USER_PATHS = NO;
				ASSETCATALOG_COMPILER_GENERATE_SWIFT_ASSET_SYMBOL_EXTENSIONS = YES;
				CLANG_ANALYZER_NONNULL = YES;
				CLANG_ANALYZER_NUMBER_OBJECT_CONVERSION = YES_AGGRESSIVE;
				CLANG_CXX_LANGUAGE_STANDARD = "gnu++20";
				CLANG_ENABLE_MODULES = YES;
				CLANG_ENABLE_OBJC_ARC = YES;
				CLANG_ENABLE_OBJC_WEAK = YES;
				CLANG_WARN_BLOCK_CAPTURE_AUTORELEASING = YES;
				CLANG_WARN_BOOL_CONVERSION = YES;
				CLANG_WARN_COMMA = YES;
				CLANG_WARN_CONSTANT_CONVERSION = YES;
				CLANG_WARN_DEPRECATED_OBJC_IMPLEMENTATIONS = YES;
				CLANG_WARN_DIRECT_OBJC_ISA_USAGE = YES_ERROR;
				CLANG_WARN_DOCUMENTATION_COMMENTS = YES;
				CLANG_WARN_EMPTY_BODY = YES;
				CLANG_WARN_ENUM_CONVERSION = YES;
				CLANG_WARN_INFINITE_RECURSION = YES;
				CLANG_WARN_INT_CONVERSION = YES;
				CLANG_WARN_NON_LITERAL_NULL_CONVERSION = YES;
				CLANG_WARN_OBJC_IMPLICIT_RETAIN_SELF = YES;
				CLANG_WARN_OBJC_LITERAL_CONVERSION = YES;
				CLANG_WARN_OBJC_ROOT_CLASS = YES_ERROR;
				CLANG_WARN_QUOTED_INCLUDE_IN_FRAMEWORK_HEADER = YES;
				CLANG_WARN_RANGE_LOOP_ANALYSIS = YES;
				CLANG_WARN_STRICT_PROTOTYPES = YES;
				CLANG_WARN_SUSPICIOUS_MOVE = YES;
				CLANG_WARN_UNGUARDED_AVAILABILITY = YES_AGGRESSIVE;
				CLANG_WARN_UNREACHABLE_CODE = YES;
				CLANG_WARN__DUPLICATE_METHOD_MATCH = YES;
				COPY_PHASE_STRIP = NO;
				DEBUG_INFORMATION_FORMAT = "dwarf-with-dsym";
				ENABLE_NS_ASSERTIONS = NO;
				ENABLE_STRICT_OBJC_MSGSEND = YES;
				ENABLE_USER_SCRIPT_SANDBOXING = YES;
				GCC_C_LANGUAGE_STANDARD = gnu17;
				GCC_NO_COMMON_BLOCKS = YES;
				GCC_WARN_64_TO_32_BIT_CONVERSION = YES;
				GCC_WARN_ABOUT_RETURN_TYPE = YES_ERROR;
				GCC_WARN_UNDECLARED_SELECTOR = YES;
				GCC_WARN_UNINITIALIZED_AUTOS = YES_AGGRESSIVE;
				GCC_WARN_UNUSED_FUNCTION = YES;
				GCC_WARN_UNUSED_VARIABLE = YES;
				IPHONEOS_DEPLOYMENT_TARGET = 17.5;
				LOCALIZATION_PREFERS_STRING_CATALOGS = YES;
				MTL_ENABLE_DEBUG_INFO = NO;
				MTL_FAST_MATH = YES;
				SDKROOT = iphoneos;
				SWIFT_COMPILATION_MODE = wholemodule;
				VALIDATE_PRODUCT = YES;
			};
			name = Release;
		};
		EF1C60DB2C6A6FD2000F29E2 /* Debug */ = {
			isa = XCBuildConfiguration;
			buildSettings = {
				ASSETCATALOG_COMPILER_APPICON_NAME = AppIcon;
				ASSETCATALOG_COMPILER_GLOBAL_ACCENT_COLOR_NAME = AccentColor;
				CODE_SIGN_ENTITLEMENTS = BoulderBro/BoulderBro.entitlements;
				CODE_SIGN_STYLE = Automatic;
				CURRENT_PROJECT_VERSION = 1;
				DEVELOPMENT_ASSET_PATHS = /Users/hazz/Movies/BoulderBro/BoulderBro/;
				DEVELOPMENT_TEAM = 2Y2J8H2C3F;
				ENABLE_PREVIEWS = YES;
				GENERATE_INFOPLIST_FILE = YES;
				INFOPLIST_FILE = BoulderBro/Info.plist;
				INFOPLIST_KEY_LSApplicationCategoryType = "public.app-category.healthcare-fitness";
				INFOPLIST_KEY_NSHealthClinicalHealthRecordsShareUsageDescription = "Your data will be used to supply insightful climbing insights.";
				INFOPLIST_KEY_NSHealthShareUsageDescription = "Your data will be used to supply insightful climbing insights.";
				INFOPLIST_KEY_NSHealthUpdateUsageDescription = "Your data will be used to supply insightful climbing insights.";
				INFOPLIST_KEY_UIApplicationSceneManifest_Generation = YES;
				INFOPLIST_KEY_UIApplicationSupportsIndirectInputEvents = YES;
				INFOPLIST_KEY_UILaunchScreen_Generation = YES;
				INFOPLIST_KEY_UISupportedInterfaceOrientations_iPad = "UIInterfaceOrientationPortrait UIInterfaceOrientationPortraitUpsideDown UIInterfaceOrientationLandscapeLeft UIInterfaceOrientationLandscapeRight";
				INFOPLIST_KEY_UISupportedInterfaceOrientations_iPhone = "UIInterfaceOrientationPortrait UIInterfaceOrientationLandscapeLeft UIInterfaceOrientationLandscapeRight";
				LD_RUNPATH_SEARCH_PATHS = (
					"$(inherited)",
					"@executable_path/Frameworks",
				);
				MARKETING_VERSION = 1.0;
				PRODUCT_BUNDLE_IDENTIFIER = Boulder.BoulderBro.Climbing;
				PRODUCT_NAME = "$(TARGET_NAME)";
				SWIFT_EMIT_LOC_STRINGS = YES;
				SWIFT_VERSION = 5.0;
				TARGETED_DEVICE_FAMILY = "1,2";
			};
			name = Debug;
		};
		EF1C60DC2C6A6FD2000F29E2 /* Release */ = {
			isa = XCBuildConfiguration;
			buildSettings = {
				ASSETCATALOG_COMPILER_APPICON_NAME = AppIcon;
				ASSETCATALOG_COMPILER_GLOBAL_ACCENT_COLOR_NAME = AccentColor;
				CODE_SIGN_ENTITLEMENTS = BoulderBro/BoulderBro.entitlements;
				CODE_SIGN_STYLE = Automatic;
				CURRENT_PROJECT_VERSION = 1;
				DEVELOPMENT_ASSET_PATHS = /Users/hazz/Movies/BoulderBro/BoulderBro/;
				DEVELOPMENT_TEAM = 2Y2J8H2C3F;
				ENABLE_PREVIEWS = YES;
				GENERATE_INFOPLIST_FILE = YES;
				INFOPLIST_FILE = BoulderBro/Info.plist;
				INFOPLIST_KEY_LSApplicationCategoryType = "public.app-category.healthcare-fitness";
				INFOPLIST_KEY_NSHealthClinicalHealthRecordsShareUsageDescription = "Your data will be used to supply insightful climbing insights.";
				INFOPLIST_KEY_NSHealthShareUsageDescription = "Your data will be used to supply insightful climbing insights.";
				INFOPLIST_KEY_NSHealthUpdateUsageDescription = "Your data will be used to supply insightful climbing insights.";
				INFOPLIST_KEY_UIApplicationSceneManifest_Generation = YES;
				INFOPLIST_KEY_UIApplicationSupportsIndirectInputEvents = YES;
				INFOPLIST_KEY_UILaunchScreen_Generation = YES;
				INFOPLIST_KEY_UISupportedInterfaceOrientations_iPad = "UIInterfaceOrientationPortrait UIInterfaceOrientationPortraitUpsideDown UIInterfaceOrientationLandscapeLeft UIInterfaceOrientationLandscapeRight";
				INFOPLIST_KEY_UISupportedInterfaceOrientations_iPhone = "UIInterfaceOrientationPortrait UIInterfaceOrientationLandscapeLeft UIInterfaceOrientationLandscapeRight";
				LD_RUNPATH_SEARCH_PATHS = (
					"$(inherited)",
					"@executable_path/Frameworks",
				);
				MARKETING_VERSION = 1.0;
				PRODUCT_BUNDLE_IDENTIFIER = Boulder.BoulderBro.Climbing;
				PRODUCT_NAME = "$(TARGET_NAME)";
				SWIFT_EMIT_LOC_STRINGS = YES;
				SWIFT_VERSION = 5.0;
				TARGETED_DEVICE_FAMILY = "1,2";
			};
			name = Release;
		};
		EF1C60DE2C6A6FD2000F29E2 /* Debug */ = {
			isa = XCBuildConfiguration;
			buildSettings = {
				ALWAYS_EMBED_SWIFT_STANDARD_LIBRARIES = YES;
				BUNDLE_LOADER = "$(TEST_HOST)";
				CODE_SIGN_STYLE = Automatic;
				CURRENT_PROJECT_VERSION = 1;
				GENERATE_INFOPLIST_FILE = YES;
				IPHONEOS_DEPLOYMENT_TARGET = 17.5;
				MARKETING_VERSION = 1.0;
				PRODUCT_BUNDLE_IDENTIFIER = Boulder.BoulderBroTests;
				PRODUCT_NAME = "$(TARGET_NAME)";
				SWIFT_EMIT_LOC_STRINGS = NO;
				SWIFT_VERSION = 5.0;
				TARGETED_DEVICE_FAMILY = "1,2";
				TEST_HOST = "$(BUILT_PRODUCTS_DIR)/BoulderBro.app/$(BUNDLE_EXECUTABLE_FOLDER_PATH)/BoulderBro";
			};
			name = Debug;
		};
		EF1C60DF2C6A6FD2000F29E2 /* Release */ = {
			isa = XCBuildConfiguration;
			buildSettings = {
				ALWAYS_EMBED_SWIFT_STANDARD_LIBRARIES = YES;
				BUNDLE_LOADER = "$(TEST_HOST)";
				CODE_SIGN_STYLE = Automatic;
				CURRENT_PROJECT_VERSION = 1;
				GENERATE_INFOPLIST_FILE = YES;
				IPHONEOS_DEPLOYMENT_TARGET = 17.5;
				MARKETING_VERSION = 1.0;
				PRODUCT_BUNDLE_IDENTIFIER = Boulder.BoulderBroTests;
				PRODUCT_NAME = "$(TARGET_NAME)";
				SWIFT_EMIT_LOC_STRINGS = NO;
				SWIFT_VERSION = 5.0;
				TARGETED_DEVICE_FAMILY = "1,2";
				TEST_HOST = "$(BUILT_PRODUCTS_DIR)/BoulderBro.app/$(BUNDLE_EXECUTABLE_FOLDER_PATH)/BoulderBro";
			};
			name = Release;
		};
		EF1C60E12C6A6FD2000F29E2 /* Debug */ = {
			isa = XCBuildConfiguration;
			buildSettings = {
				ALWAYS_EMBED_SWIFT_STANDARD_LIBRARIES = YES;
				CODE_SIGN_STYLE = Automatic;
				CURRENT_PROJECT_VERSION = 1;
				DEVELOPMENT_TEAM = 2Y2J8H2C3F;
				GENERATE_INFOPLIST_FILE = YES;
				MARKETING_VERSION = 1.0;
				PRODUCT_BUNDLE_IDENTIFIER = Boulder.BoulderBroUITests;
				PRODUCT_NAME = "$(TARGET_NAME)";
				SWIFT_EMIT_LOC_STRINGS = NO;
				SWIFT_VERSION = 5.0;
				TARGETED_DEVICE_FAMILY = "1,2";
				TEST_TARGET_NAME = BoulderBro;
			};
			name = Debug;
		};
		EF1C60E22C6A6FD2000F29E2 /* Release */ = {
			isa = XCBuildConfiguration;
			buildSettings = {
				ALWAYS_EMBED_SWIFT_STANDARD_LIBRARIES = YES;
				CODE_SIGN_STYLE = Automatic;
				CURRENT_PROJECT_VERSION = 1;
				DEVELOPMENT_TEAM = 2Y2J8H2C3F;
				GENERATE_INFOPLIST_FILE = YES;
				MARKETING_VERSION = 1.0;
				PRODUCT_BUNDLE_IDENTIFIER = Boulder.BoulderBroUITests;
				PRODUCT_NAME = "$(TARGET_NAME)";
				SWIFT_EMIT_LOC_STRINGS = NO;
				SWIFT_VERSION = 5.0;
				TARGETED_DEVICE_FAMILY = "1,2";
				TEST_TARGET_NAME = BoulderBro;
			};
			name = Release;
		};
/* End XCBuildConfiguration section */

/* Begin XCConfigurationList section */
		EF1C60B12C6A6FD1000F29E2 /* Build configuration list for PBXProject "BoulderBro" */ = {
			isa = XCConfigurationList;
			buildConfigurations = (
				EF1C60D82C6A6FD2000F29E2 /* Debug */,
				EF1C60D92C6A6FD2000F29E2 /* Release */,
			);
			defaultConfigurationIsVisible = 0;
			defaultConfigurationName = Release;
		};
		EF1C60DA2C6A6FD2000F29E2 /* Build configuration list for PBXNativeTarget "BoulderBro" */ = {
			isa = XCConfigurationList;
			buildConfigurations = (
				EF1C60DB2C6A6FD2000F29E2 /* Debug */,
				EF1C60DC2C6A6FD2000F29E2 /* Release */,
			);
			defaultConfigurationIsVisible = 0;
			defaultConfigurationName = Release;
		};
		EF1C60DD2C6A6FD2000F29E2 /* Build configuration list for PBXNativeTarget "BoulderBroTests" */ = {
			isa = XCConfigurationList;
			buildConfigurations = (
				EF1C60DE2C6A6FD2000F29E2 /* Debug */,
				EF1C60DF2C6A6FD2000F29E2 /* Release */,
			);
			defaultConfigurationIsVisible = 0;
			defaultConfigurationName = Release;
		};
		EF1C60E02C6A6FD2000F29E2 /* Build configuration list for PBXNativeTarget "BoulderBroUITests" */ = {
			isa = XCConfigurationList;
			buildConfigurations = (
				EF1C60E12C6A6FD2000F29E2 /* Debug */,
				EF1C60E22C6A6FD2000F29E2 /* Release */,
			);
			defaultConfigurationIsVisible = 0;
			defaultConfigurationName = Release;
		};
/* End XCConfigurationList section */

/* Begin XCRemoteSwiftPackageReference section */
		EF1C60F52C6A9011000F29E2 /* XCRemoteSwiftPackageReference "firebase-ios-sdk" */ = {
			isa = XCRemoteSwiftPackageReference;
			repositoryURL = "https://github.com/firebase/firebase-ios-sdk";
			requirement = {
				kind = upToNextMajorVersion;
				minimumVersion = 11.0.0;
			};
		};
		EFC7D01A2C6EA6EC002D5F78 /* XCRemoteSwiftPackageReference "GoogleSignIn-iOS" */ = {
			isa = XCRemoteSwiftPackageReference;
			repositoryURL = "https://github.com/google/GoogleSignIn-iOS.git";
			requirement = {
				kind = upToNextMajorVersion;
				minimumVersion = 8.0.0;
			};
		};
/* End XCRemoteSwiftPackageReference section */

/* Begin XCSwiftPackageProductDependency section */
		EFA16F422C6D759A00D7301E /* FirebaseAnalytics */ = {
			isa = XCSwiftPackageProductDependency;
			package = EF1C60F52C6A9011000F29E2 /* XCRemoteSwiftPackageReference "firebase-ios-sdk" */;
			productName = FirebaseAnalytics;
		};
		EFA16F442C6D759A00D7301E /* FirebaseAnalyticsOnDeviceConversion */ = {
			isa = XCSwiftPackageProductDependency;
			package = EF1C60F52C6A9011000F29E2 /* XCRemoteSwiftPackageReference "firebase-ios-sdk" */;
			productName = FirebaseAnalyticsOnDeviceConversion;
		};
		EFA16F462C6D759A00D7301E /* FirebaseAnalyticsWithoutAdIdSupport */ = {
			isa = XCSwiftPackageProductDependency;
			package = EF1C60F52C6A9011000F29E2 /* XCRemoteSwiftPackageReference "firebase-ios-sdk" */;
			productName = FirebaseAnalyticsWithoutAdIdSupport;
		};
		EFA16F482C6D759A00D7301E /* FirebaseAppCheck */ = {
			isa = XCSwiftPackageProductDependency;
			package = EF1C60F52C6A9011000F29E2 /* XCRemoteSwiftPackageReference "firebase-ios-sdk" */;
			productName = FirebaseAppCheck;
		};
		EFA16F4A2C6D759A00D7301E /* FirebaseAppDistribution-Beta */ = {
			isa = XCSwiftPackageProductDependency;
			package = EF1C60F52C6A9011000F29E2 /* XCRemoteSwiftPackageReference "firebase-ios-sdk" */;
			productName = "FirebaseAppDistribution-Beta";
		};
		EFA16F4C2C6D759A00D7301E /* FirebaseAuth */ = {
			isa = XCSwiftPackageProductDependency;
			package = EF1C60F52C6A9011000F29E2 /* XCRemoteSwiftPackageReference "firebase-ios-sdk" */;
			productName = FirebaseAuth;
		};
		EFA16F4E2C6D759A00D7301E /* FirebaseAuthCombine-Community */ = {
			isa = XCSwiftPackageProductDependency;
			package = EF1C60F52C6A9011000F29E2 /* XCRemoteSwiftPackageReference "firebase-ios-sdk" */;
			productName = "FirebaseAuthCombine-Community";
		};
		EFA16F502C6D759A00D7301E /* FirebaseCrashlytics */ = {
			isa = XCSwiftPackageProductDependency;
			package = EF1C60F52C6A9011000F29E2 /* XCRemoteSwiftPackageReference "firebase-ios-sdk" */;
			productName = FirebaseCrashlytics;
		};
		EFA16F522C6D759A00D7301E /* FirebaseDatabase */ = {
			isa = XCSwiftPackageProductDependency;
			package = EF1C60F52C6A9011000F29E2 /* XCRemoteSwiftPackageReference "firebase-ios-sdk" */;
			productName = FirebaseDatabase;
		};
		EFA16F542C6D759A00D7301E /* FirebaseDynamicLinks */ = {
			isa = XCSwiftPackageProductDependency;
			package = EF1C60F52C6A9011000F29E2 /* XCRemoteSwiftPackageReference "firebase-ios-sdk" */;
			productName = FirebaseDynamicLinks;
		};
		EFA16F562C6D759A00D7301E /* FirebaseFirestore */ = {
			isa = XCSwiftPackageProductDependency;
			package = EF1C60F52C6A9011000F29E2 /* XCRemoteSwiftPackageReference "firebase-ios-sdk" */;
			productName = FirebaseFirestore;
		};
		EFA16F582C6D759A00D7301E /* FirebaseFirestoreCombine-Community */ = {
			isa = XCSwiftPackageProductDependency;
			package = EF1C60F52C6A9011000F29E2 /* XCRemoteSwiftPackageReference "firebase-ios-sdk" */;
			productName = "FirebaseFirestoreCombine-Community";
		};
		EFA16F5A2C6D759A00D7301E /* FirebaseFunctions */ = {
			isa = XCSwiftPackageProductDependency;
			package = EF1C60F52C6A9011000F29E2 /* XCRemoteSwiftPackageReference "firebase-ios-sdk" */;
			productName = FirebaseFunctions;
		};
		EFA16F5C2C6D759A00D7301E /* FirebaseFunctionsCombine-Community */ = {
			isa = XCSwiftPackageProductDependency;
			package = EF1C60F52C6A9011000F29E2 /* XCRemoteSwiftPackageReference "firebase-ios-sdk" */;
			productName = "FirebaseFunctionsCombine-Community";
		};
		EFA16F5E2C6D759A00D7301E /* FirebaseInAppMessaging-Beta */ = {
			isa = XCSwiftPackageProductDependency;
			package = EF1C60F52C6A9011000F29E2 /* XCRemoteSwiftPackageReference "firebase-ios-sdk" */;
			productName = "FirebaseInAppMessaging-Beta";
		};
		EFA16F602C6D759A00D7301E /* FirebaseInstallations */ = {
			isa = XCSwiftPackageProductDependency;
			package = EF1C60F52C6A9011000F29E2 /* XCRemoteSwiftPackageReference "firebase-ios-sdk" */;
			productName = FirebaseInstallations;
		};
		EFA16F622C6D759A00D7301E /* FirebaseMessaging */ = {
			isa = XCSwiftPackageProductDependency;
			package = EF1C60F52C6A9011000F29E2 /* XCRemoteSwiftPackageReference "firebase-ios-sdk" */;
			productName = FirebaseMessaging;
		};
		EFA16F642C6D759A00D7301E /* FirebaseMLModelDownloader */ = {
			isa = XCSwiftPackageProductDependency;
			package = EF1C60F52C6A9011000F29E2 /* XCRemoteSwiftPackageReference "firebase-ios-sdk" */;
			productName = FirebaseMLModelDownloader;
		};
		EFA16F662C6D759A00D7301E /* FirebasePerformance */ = {
			isa = XCSwiftPackageProductDependency;
			package = EF1C60F52C6A9011000F29E2 /* XCRemoteSwiftPackageReference "firebase-ios-sdk" */;
			productName = FirebasePerformance;
		};
		EFA16F682C6D759A00D7301E /* FirebaseRemoteConfig */ = {
			isa = XCSwiftPackageProductDependency;
			package = EF1C60F52C6A9011000F29E2 /* XCRemoteSwiftPackageReference "firebase-ios-sdk" */;
			productName = FirebaseRemoteConfig;
		};
		EFA16F6A2C6D759A00D7301E /* FirebaseStorage */ = {
			isa = XCSwiftPackageProductDependency;
			package = EF1C60F52C6A9011000F29E2 /* XCRemoteSwiftPackageReference "firebase-ios-sdk" */;
			productName = FirebaseStorage;
		};
		EFA16F6C2C6D759A00D7301E /* FirebaseStorageCombine-Community */ = {
			isa = XCSwiftPackageProductDependency;
			package = EF1C60F52C6A9011000F29E2 /* XCRemoteSwiftPackageReference "firebase-ios-sdk" */;
			productName = "FirebaseStorageCombine-Community";
		};
		EFA16F6E2C6D759A00D7301E /* FirebaseVertexAI-Preview */ = {
			isa = XCSwiftPackageProductDependency;
			package = EF1C60F52C6A9011000F29E2 /* XCRemoteSwiftPackageReference "firebase-ios-sdk" */;
			productName = "FirebaseVertexAI-Preview";
		};
		EFC7D01B2C6EA6EC002D5F78 /* GoogleSignIn */ = {
			isa = XCSwiftPackageProductDependency;
			package = EFC7D01A2C6EA6EC002D5F78 /* XCRemoteSwiftPackageReference "GoogleSignIn-iOS" */;
			productName = GoogleSignIn;
		};
		EFC7D01D2C6EA6EC002D5F78 /* GoogleSignInSwift */ = {
			isa = XCSwiftPackageProductDependency;
			package = EFC7D01A2C6EA6EC002D5F78 /* XCRemoteSwiftPackageReference "GoogleSignIn-iOS" */;
			productName = GoogleSignInSwift;
		};
/* End XCSwiftPackageProductDependency section */
	};
	rootObject = EF1C60AE2C6A6FD1000F29E2 /* Project object */;
}
